{
  "name": "@lskjs/mobx",
  "version": "0.34.6",
  "lockfileVersion": 1,
  "requires": true,
  "dependencies": {
    "@lskjs/autobind": {
      "version": "0.34.6",
      "resolved": "https://registry.npmjs.org/@lskjs/autobind/-/autobind-0.34.6.tgz",
      "integrity": "sha512-tZi1f5apPeWI1jYms9vCxoUgf3M54lybKja16LfXvs0TgQ1i5vXcn1C0QXV9xAIFnqIMozwkaeL5pcrDSV9CrA==",
      "dev": true,
      "requires": {
        "autobind-decorator": "^2.4.0"
      }
    },
    "@lskjs/utils": {
      "version": "0.34.6",
      "resolved": "https://registry.npmjs.org/@lskjs/utils/-/utils-0.34.6.tgz",
      "integrity": "sha512-vbOzlNWb7DLAqUBzYrC1QgiKO1czBciNdzDDDLY0/uiAaIa8y/5w6G3So9rzAlXeLLk9kBn+19hg4lPTdRgHoA==",
      "dev": true,
      "requires": {
        "csv-string": "^3.1.5"
      }
    },
    "autobind-decorator": {
      "version": "2.4.0",
      "resolved": "https://registry.npmjs.org/autobind-decorator/-/autobind-decorator-2.4.0.tgz",
      "integrity": "sha512-OGYhWUO72V6DafbF8PM8rm3EPbfuyMZcJhtm5/n26IDwO18pohE4eNazLoCGhPiXOCD0gEGmrbU3849QvM8bbw==",
      "dev": true
    },
    "axios": {
      "version": "0.18.0",
      "resolved": "https://registry.npmjs.org/axios/-/axios-0.18.0.tgz",
      "integrity": "sha1-MtU+SFHv3AoRmTts0AB4nXDAUQI=",
      "dev": true,
      "requires": {
        "follow-redirects": "^1.3.0",
        "is-buffer": "^1.1.5"
      }
    },
    "bluebird": {
      "version": "3.5.3",
      "resolved": "https://registry.npmjs.org/bluebird/-/bluebird-3.5.3.tgz",
      "integrity": "sha512-/qKPUQlaW1OyR51WeCPBvRnAlnZFUJkCSG5HzGnuIqhgyJtF+T94lFnn33eiazjRm2LAHVy2guNnaq48X9SJuw==",
      "dev": true
    },
    "csv-string": {
      "version": "3.1.5",
      "resolved": "https://registry.npmjs.org/csv-string/-/csv-string-3.1.5.tgz",
      "integrity": "sha512-vkKwis9X1l31JwPsnqaoNo3PZx7k+07dlDDJ0jXgq7tCH3lIxiIaD9sAt9ETBjKFUR+nNi7PnTTpZuFy6kJe4w==",
      "dev": true
    },
    "debug": {
      "version": "3.2.6",
      "resolved": "https://registry.npmjs.org/debug/-/debug-3.2.6.tgz",
      "integrity": "sha512-mel+jf7nrtEl5Pn1Qx46zARXKDpBbvzezse7p7LqINmdoIk8PYP5SySaxEmYv6TZ0JyEKA1hsCId6DIhgITtWQ==",
      "dev": true,
      "requires": {
        "ms": "^2.1.1"
      }
    },
    "follow-redirects": {
      "version": "1.7.0",
      "resolved": "https://registry.npmjs.org/follow-redirects/-/follow-redirects-1.7.0.tgz",
      "integrity": "sha512-m/pZQy4Gj287eNy94nivy5wchN3Kp+Q5WgUPNy5lJSZ3sgkVKSYV/ZChMAQVIgx1SqfZ2zBZtPA2YlXIWxxJOQ==",
      "dev": true,
      "requires": {
        "debug": "^3.2.6"
      }
    },
    "is-buffer": {
      "version": "1.1.6",
      "resolved": "https://registry.npmjs.org/is-buffer/-/is-buffer-1.1.6.tgz",
      "integrity": "sha512-NcdALwpXkTm5Zvvbk7owOUSvVvBKDgKP5/ewfXEznmQFfs4ZRmanOeKBTjRVjka3QFoN6XJ+9F3USqfHqTaU5w==",
      "dev": true
    },
    "lodash": {
      "version": "4.17.11",
      "resolved": "https://registry.npmjs.org/lodash/-/lodash-4.17.11.tgz",
      "integrity": "sha512-cQKh8igo5QUhZ7lg38DYWAxMvjSAKG0A8wGSVimP07SIUEK2UO+arSRKbRZWtelMtN5V0Hkwh5ryOto/SshYIg==",
      "dev": true
    },
    "lodash-decorators": {
      "version": "6.0.1",
      "resolved": "https://registry.npmjs.org/lodash-decorators/-/lodash-decorators-6.0.1.tgz",
      "integrity": "sha512-1M0YC8G3nFTkejZEk2ehyvryEdcqj6xATH+ybI8j53cLs/bKRsavaE//y7nz/A0vxEFhxYqev7vdWfsuTJ1AtQ==",
      "dev": true,
      "requires": {
        "tslib": "^1.9.2"
      }
    },
    "mobx": {
      "version": "5.6.0",
      "resolved": "https://registry.npmjs.org/mobx/-/mobx-5.6.0.tgz",
      "integrity": "sha512-xrA0tBnSMANXCDjS2W/6YTasesA8mkg9o+v/Bw/OcbXaRVE6/soVwDMWIh7A6TwMDY4tYQprQJZ5WQN1TRSb3A==",
      "dev": true
    },
    "ms": {
      "version": "2.1.1",
      "resolved": "https://registry.npmjs.org/ms/-/ms-2.1.1.tgz",
      "integrity": "sha512-tgp+dl5cGk28utYktBsrFqA7HKgrhgPsg6Z/EfhWI4gl1Hwq8B/GmY/0oXZ6nF8hDVesS/FpnYaD/kOWhYQvyg==",
      "dev": true
    },
    "tslib": {
      "version": "1.9.3",
      "resolved": "https://registry.npmjs.org/tslib/-/tslib-1.9.3.tgz",
      "integrity": "sha512-4krF8scpejhaOgqzBEcGM7yDIEfi0/8+8zDRZhNZZ2kjmHJ4hv3zCbQWxoJGz1iw5U0Jl0nma13xzHXcncMavQ==",
      "dev": true
    }
  }
}
