{
  "name": "@lskjs/helpers",
  "version": "2.3.0-beta.10",
  "lockfileVersion": 1,
  "requires": true,
  "dependencies": {
    "@lskjs/debug-level": {
      "version": "0.3.2",
      "resolved": "https://registry.npmjs.org/@lskjs/debug-level/-/debug-level-0.3.2.tgz",
      "integrity": "sha512-VHPhtJ9do45MGE93DxEsPdCgPUQAAAdicgytkzG8UMCXIgq5nIKY7JNzDunqbOw2sH7yaJfzF1sYwfb745zWCQ==",
      "requires": {
        "asyncc": "^2.0.4",
        "chalk": "^4.1.0",
        "json-stringify-safe": "^5.0.1",
        "map-lru": "^1.1.0",
        "ms": "^2.1.2"
      }
    },
    "@lskjs/log2": {
      "version": "2.3.0-beta.10",
      "resolved": "https://registry.npmjs.org/@lskjs/log2/-/log2-2.3.0-beta.10.tgz",
      "integrity": "sha512-2UW5wRPiaSGiUfq9x07yY80BvtZxCypuic3QJFc8vaS8EQC1P6HjotSJKyEwn+WR7Cv5CrIB1cetNPbZ+z11uA==",
      "requires": {
        "@lskjs/debug-level": "0.3.2",
        "colors": "1.4.0"
      }
    },
    "@lskjs/module": {
      "version": "2.3.0-beta.10",
      "resolved": "https://registry.npmjs.org/@lskjs/module/-/module-2.3.0-beta.10.tgz",
      "integrity": "sha512-sgOMG7rdN1pqssdJyo4pbA9+pnh+1mm0qP9IW6+iXo+oUbzEVe0Ex2XJS2tGUNhU1jwev0We1XO7e1kqVgdSng==",
      "requires": {
        "@lskjs/log2": "2.3.0-beta.10",
        "@lskjs/utils": "2.3.0-beta.10",
        "colors": "1.4.0",
        "eventemitter3": "4.0.7"
      }
    },
    "@lskjs/rabbit": {
      "version": "2.3.0-beta.10",
      "resolved": "https://registry.npmjs.org/@lskjs/rabbit/-/rabbit-2.3.0-beta.10.tgz",
      "integrity": "sha512-JdKlW691Lrm5Qh0tfX11AKtomk0I/tRJC1yST5DlINVnba4FjcWNrW6rbWzTf72fw2JvqfNW4kzBIYIlZLBhdQ==",
      "dev": true,
      "requires": {
        "@lskjs/module": "2.3.0-beta.10",
        "@lskjs/utils": "2.3.0-beta.10",
        "amqplib": "0.6.0",
        "object-hash": "2.1.1"
      }
    },
    "@lskjs/utils": {
      "version": "2.3.0-beta.10",
      "resolved": "https://registry.npmjs.org/@lskjs/utils/-/utils-2.3.0-beta.10.tgz",
      "integrity": "sha512-4tCe7N33SkG2+s4BfA9+DASGIoxeKUS/PQji8FePXEnyyXuat2brPXZ4tyOHNNOJmfOFDBEo8VToVEl9Vaerow=="
    },
    "addressparser": {
      "version": "0.3.2",
      "resolved": "https://registry.npmjs.org/addressparser/-/addressparser-0.3.2.tgz",
      "integrity": "sha1-WYc/Nej89sc2HBAjkmHXbhU0i7I="
    },
    "amqplib": {
      "version": "0.6.0",
      "resolved": "https://registry.npmjs.org/amqplib/-/amqplib-0.6.0.tgz",
      "integrity": "sha512-zXCh4jQ77TBZe1YtvZ1n7sUxnTjnNagpy8MVi2yc1ive239pS3iLwm4e4d5o4XZGx1BdTKQ/U0ZmaDU3c8MxYQ==",
      "dev": true,
      "requires": {
        "bitsyntax": "~0.1.0",
        "bluebird": "^3.5.2",
        "buffer-more-ints": "~1.0.0",
        "readable-stream": "1.x >=1.1.9",
        "safe-buffer": "~5.1.2",
        "url-parse": "~1.4.3"
      }
    },
    "ansi-styles": {
      "version": "4.3.0",
      "resolved": "https://registry.npmjs.org/ansi-styles/-/ansi-styles-4.3.0.tgz",
      "integrity": "sha512-zbB9rCJAT1rbjiVDb2hqKFHNYLxgtk8NURxZ3IZwD3F6NtxbXZQCnnSi1Lkx+IDohdPlFp222wVALIheZJQSEg==",
      "requires": {
        "color-convert": "^2.0.1"
      }
    },
    "asyncc": {
      "version": "2.0.4",
      "resolved": "https://registry.npmjs.org/asyncc/-/asyncc-2.0.4.tgz",
      "integrity": "sha512-5ohHLrRC6ZJ7ypVlJh3XJlINBdErz7VeQnNNLXq2T9hVsph58x49oykgg+KNbpnOiMF0X2vDmR2i2LVtWBL7Mw=="
    },
    "balanced-match": {
      "version": "1.0.0",
      "resolved": "https://registry.npmjs.org/balanced-match/-/balanced-match-1.0.0.tgz",
      "integrity": "sha1-ibTRmasr7kneFk6gK4nORi1xt2c="
    },
    "bitsyntax": {
      "version": "0.1.0",
      "resolved": "https://registry.npmjs.org/bitsyntax/-/bitsyntax-0.1.0.tgz",
      "integrity": "sha512-ikAdCnrloKmFOugAfxWws89/fPc+nw0OOG1IzIE72uSOg/A3cYptKCjSUhDTuj7fhsJtzkzlv7l3b8PzRHLN0Q==",
      "dev": true,
      "requires": {
        "buffer-more-ints": "~1.0.0",
        "debug": "~2.6.9",
        "safe-buffer": "~5.1.2"
      }
    },
    "bluebird": {
      "version": "3.7.2",
      "resolved": "https://registry.npmjs.org/bluebird/-/bluebird-3.7.2.tgz",
      "integrity": "sha512-XpNj6GDQzdfW+r2Wnn7xiSAd7TM3jzkxGXBGTtWKuSXv1xUV+azxAm8jdWZN06QTQk+2N2XB9jRDkvbmQmcRtg==",
      "dev": true
    },
    "brace-expansion": {
      "version": "1.1.11",
      "resolved": "https://registry.npmjs.org/brace-expansion/-/brace-expansion-1.1.11.tgz",
      "integrity": "sha512-iCuPHDFgrHX7H2vEI/5xpz07zSHB00TpugqhmYtVmMO6518mCuRMoOYFldEBl0g187ufozdaHgWKcYFb61qGiA==",
      "requires": {
        "balanced-match": "^1.0.0",
        "concat-map": "0.0.1"
      }
    },
    "buffer-more-ints": {
      "version": "1.0.0",
      "resolved": "https://registry.npmjs.org/buffer-more-ints/-/buffer-more-ints-1.0.0.tgz",
      "integrity": "sha512-EMetuGFz5SLsT0QTnXzINh4Ksr+oo4i+UGTXEshiGCQWnsgSs7ZhJ8fzlwQ+OzEMs0MpDAMr1hxnblp5a4vcHg==",
      "dev": true
    },
    "chalk": {
      "version": "4.1.0",
      "resolved": "https://registry.npmjs.org/chalk/-/chalk-4.1.0.tgz",
      "integrity": "sha512-qwx12AxXe2Q5xQ43Ac//I6v5aXTipYrSESdOgzrN+9XjgEpyjpKuvSGaN4qE93f7TQTlerQQ8S+EQ0EyDoVL1A==",
      "requires": {
        "ansi-styles": "^4.1.0",
        "supports-color": "^7.1.0"
      }
    },
    "cld": {
      "version": "2.7.0",
      "resolved": "https://registry.npmjs.org/cld/-/cld-2.7.0.tgz",
      "integrity": "sha512-rM20jIISRqMYfZAlowCA4DwLLegJXqfCFdVb1vtS+RG7yKHn4FrYdFfUx2WGbmaqOQV/w4MRIszh43FH78/oRA==",
      "requires": {
        "glob": "^5.0.10",
        "node-addon-api": "*",
        "rimraf": "^2.4.0",
        "underscore": "^1.6.0"
      }
    },
    "collapse-white-space": {
      "version": "1.0.6",
      "resolved": "https://registry.npmjs.org/collapse-white-space/-/collapse-white-space-1.0.6.tgz",
      "integrity": "sha512-jEovNnrhMuqyCcjfEJA56v0Xq8SkIoPKDyaHahwo3POf4qcSXqMYuwNcOTzp74vTsR9Tn08z4MxWqAhcekogkQ=="
    },
    "color-convert": {
      "version": "2.0.1",
      "resolved": "https://registry.npmjs.org/color-convert/-/color-convert-2.0.1.tgz",
      "integrity": "sha512-RRECPsj7iu/xb5oKYcsFHSppFNnsj/52OVTRKb4zP5onXwVF3zVmmToNcOfGC+CRDpfK/U584fMg38ZHCaElKQ==",
      "requires": {
        "color-name": "~1.1.4"
      }
    },
    "color-name": {
      "version": "1.1.4",
      "resolved": "https://registry.npmjs.org/color-name/-/color-name-1.1.4.tgz",
      "integrity": "sha512-dOy+3AuW3a2wNbZHIuMZpTcgjGuLU/uBL/ubcZF9OXbDo8ff4O8yVp5Bf0efS8uEoYo5q4Fx7dY9OgQGXgAsQA=="
    },
    "colors": {
      "version": "1.4.0",
      "resolved": "https://registry.npmjs.org/colors/-/colors-1.4.0.tgz",
      "integrity": "sha512-a+UqTh4kgZg/SlGvfbzDHpgRu7AAQOmmqRHJnxhRZICKFUT91brVhNNt58CMWU9PsBbv3PDCZUHbVxuDiH2mtA=="
    },
    "concat-map": {
      "version": "0.0.1",
      "resolved": "https://registry.npmjs.org/concat-map/-/concat-map-0.0.1.tgz",
      "integrity": "sha1-2Klr13/Wjfd5OnMDajug1UBdR3s="
    },
    "core-util-is": {
      "version": "1.0.2",
      "resolved": "https://registry.npmjs.org/core-util-is/-/core-util-is-1.0.2.tgz",
      "integrity": "sha1-tf1UIgqivFq1eqtxQMlAdUUDwac=",
      "dev": true
    },
    "debug": {
      "version": "2.6.9",
      "resolved": "https://registry.npmjs.org/debug/-/debug-2.6.9.tgz",
      "integrity": "sha512-bC7ElrdJaJnPbAP+1EotYvqZsb3ecl5wi6Bfi6BJTUcNowp6cvspg0jXznRTKDjm/E7AdgFBVeAPVMNcKGsHMA==",
      "dev": true,
      "requires": {
        "ms": "2.0.0"
      },
      "dependencies": {
        "ms": {
          "version": "2.0.0",
          "resolved": "https://registry.npmjs.org/ms/-/ms-2.0.0.tgz",
          "integrity": "sha1-VgiurfwAvmwpAd9fmGF4jeDVl8g=",
          "dev": true
        }
      }
    },
    "encoding": {
      "version": "0.1.13",
      "resolved": "https://registry.npmjs.org/encoding/-/encoding-0.1.13.tgz",
      "integrity": "sha512-ETBauow1T35Y/WZMkio9jiM0Z5xjHHmJ4XmjZOq1l/dXz3lr2sRn87nJy20RupqSh1F2m3HHPSp8ShIPQJrJ3A==",
      "requires": {
        "iconv-lite": "^0.6.2"
      }
    },
    "escape-string-regexp": {
      "version": "1.0.5",
      "resolved": "https://registry.npmjs.org/escape-string-regexp/-/escape-string-regexp-1.0.5.tgz",
      "integrity": "sha1-G2HAViGQqN/2rjuyzwIAyhMLhtQ="
    },
    "eventemitter3": {
      "version": "4.0.7",
      "resolved": "https://registry.npmjs.org/eventemitter3/-/eventemitter3-4.0.7.tgz",
      "integrity": "sha512-8guHBZCwKnFhYdHr2ysuRWErTwhoN2X8XELRlrRwpmfeY2jjuUN4taQMsULKUVo1K4DvZl+0pgfyoysHxvmvEw=="
    },
    "extend": {
      "version": "3.0.2",
      "resolved": "https://registry.npmjs.org/extend/-/extend-3.0.2.tgz",
      "integrity": "sha512-fjquC59cD7CyW6urNXK0FBufkZcoiGG80wTuPujX590cB5Ttln20E2UB4S/WARVqhXffZl2LNgS+gQdPIIim/g=="
    },
    "franc": {
      "version": "5.0.0",
      "resolved": "https://registry.npmjs.org/franc/-/franc-5.0.0.tgz",
      "integrity": "sha512-ioKMLQlZv0T4qQ/AivMt8y8i4M3RWvVeOAm8y8SAjfcN+shtHVqR7NKAQAfQcrxWIbmfne4pRTcgNBcM0bj60A==",
      "requires": {
        "trigram-utils": "^1.0.0"
      }
    },
    "fs.realpath": {
      "version": "1.0.0",
      "resolved": "https://registry.npmjs.org/fs.realpath/-/fs.realpath-1.0.0.tgz",
      "integrity": "sha1-FQStJSMVjKpA20onh8sBQRmU6k8="
    },
    "glob": {
      "version": "5.0.15",
      "resolved": "https://registry.npmjs.org/glob/-/glob-5.0.15.tgz",
      "integrity": "sha1-G8k2ueAvSmA/zCIuz3Yz0wuLk7E=",
      "requires": {
        "inflight": "^1.0.4",
        "inherits": "2",
        "minimatch": "2 || 3",
        "once": "^1.3.0",
        "path-is-absolute": "^1.0.0"
      }
    },
    "has-flag": {
      "version": "4.0.0",
      "resolved": "https://registry.npmjs.org/has-flag/-/has-flag-4.0.0.tgz",
      "integrity": "sha512-EykJT/Q1KjTWctppgIAgfSO0tKVuZUjhgMr17kqTumMl6Afv3EISleU7qZUzoXDFTAHTDC4NOoG/ZxU3EvlMPQ=="
    },
    "iconv-lite": {
      "version": "0.6.2",
      "resolved": "https://registry.npmjs.org/iconv-lite/-/iconv-lite-0.6.2.tgz",
      "integrity": "sha512-2y91h5OpQlolefMPmUlivelittSWy0rP+oYVpn6A7GwVHNE8AWzoYOBNmlwks3LobaJxgHCYZAnyNo2GgpNRNQ==",
      "requires": {
        "safer-buffer": ">= 2.1.2 < 3.0.0"
      }
    },
    "inflight": {
      "version": "1.0.6",
      "resolved": "https://registry.npmjs.org/inflight/-/inflight-1.0.6.tgz",
      "integrity": "sha1-Sb1jMdfQLQwJvJEKEHW6gWW1bfk=",
      "requires": {
        "once": "^1.3.0",
        "wrappy": "1"
      }
    },
    "inherits": {
      "version": "2.0.4",
      "resolved": "https://registry.npmjs.org/inherits/-/inherits-2.0.4.tgz",
      "integrity": "sha512-k/vGaX4/Yla3WzyMCvTQOXYeIHvqOKtnqBduzTHpzpQZzAskKMhZ2K+EnBiSM9zGSoIFeMpXKxa4dYeZIQqewQ=="
    },
    "isarray": {
      "version": "0.0.1",
      "resolved": "https://registry.npmjs.org/isarray/-/isarray-0.0.1.tgz",
      "integrity": "sha1-ihis/Kmo9Bd+Cav8YDiTmwXR7t8=",
      "dev": true
    },
    "json-stringify-safe": {
      "version": "5.0.1",
      "resolved": "https://registry.npmjs.org/json-stringify-safe/-/json-stringify-safe-5.0.1.tgz",
      "integrity": "sha1-Epai1Y/UXxmg9s4B1lcB4sc1tus="
    },
    "languagedetect": {
      "version": "2.0.0",
      "resolved": "https://registry.npmjs.org/languagedetect/-/languagedetect-2.0.0.tgz",
      "integrity": "sha512-AZb/liiQ+6ZoTj4f1J0aE6OkzhCo8fyH+tuSaPfSo8YHCWLFJrdSixhtO2TYdIkjcDQNaR4RmGaV2A5FJklDMQ=="
    },
    "libphonenumber-js": {
      "version": "1.9.14",
      "resolved": "https://registry.npmjs.org/libphonenumber-js/-/libphonenumber-js-1.9.14.tgz",
      "integrity": "sha512-lQEHej1NQwKwmn89ixSfvj+m7Gm6AsafuxU1BMsS22VUizQPnamVslA2d5wsHHaaXOExAvlcYjUF1C7ieTzoCg=="
    },
    "lodash": {
      "version": "4.17.20",
      "resolved": "https://registry.npmjs.org/lodash/-/lodash-4.17.20.tgz",
      "integrity": "sha512-PlhdFcillOINfeV7Ni6oF1TAEayyZBoZ8bcshTHqOYJYlrqzRK5hagpagky5o4HfCzzd1TRkXPMFq6cKk9rGmA==",
      "dev": true
    },
    "mailparser": {
      "version": "0.5.3",
      "resolved": "https://registry.npmjs.org/mailparser/-/mailparser-0.5.3.tgz",
      "integrity": "sha1-w+Oyx2rVP/HRuLA5ZcYgnTu9WLU=",
      "requires": {
        "encoding": "^0.1.11",
        "mime": "^1.3.4",
        "mimelib": "^0.2.19",
        "uue": "^3.0.0"
      }
    },
    "map-lru": {
      "version": "1.1.0",
      "resolved": "https://registry.npmjs.org/map-lru/-/map-lru-1.1.0.tgz",
      "integrity": "sha512-vbnDZvYRfQQKfzxgCgZkcbdx5ooWoY9EnlmIdEJHAguHsl6GiGblzbRLkdQS1kyhA1CPjZvWqMNil/sG3gdt2Q=="
    },
    "mime": {
      "version": "1.6.0",
      "resolved": "https://registry.npmjs.org/mime/-/mime-1.6.0.tgz",
      "integrity": "sha512-x0Vn8spI+wuJ1O6S7gnbaQg8Pxh4NNHb7KSINmEWKiPE4RKOplvijn+NkmYmmRgP68mc70j2EbeTFRsrswaQeg=="
    },
    "mimelib": {
      "version": "0.2.19",
      "resolved": "https://registry.npmjs.org/mimelib/-/mimelib-0.2.19.tgz",
      "integrity": "sha1-N+yQpqx9AJVIUdCywxYY8KSdoO4=",
      "requires": {
        "addressparser": "~0.3.2",
        "encoding": "~0.1.7"
      }
    },
    "minimatch": {
      "version": "3.0.4",
      "resolved": "https://registry.npmjs.org/minimatch/-/minimatch-3.0.4.tgz",
      "integrity": "sha512-yJHVQEhyqPLUTgt9B83PXu6W3rx4MvvHvSUvToogpwoGDOUQ+yDrR0HRot+yOCdCO7u4hX3pWft6kWBBcqh0UA==",
      "requires": {
        "brace-expansion": "^1.1.7"
      }
    },
    "ms": {
      "version": "2.1.3",
      "resolved": "https://registry.npmjs.org/ms/-/ms-2.1.3.tgz",
      "integrity": "sha512-6FlzubTLZG3J2a/NVCAleEhjzq5oxgHyaCU9yYXvcLsvoVaHJq/s5xXI6/XXP6tz7R9xAOtHnSO/tXtF3WRTlA=="
    },
    "n-gram": {
      "version": "1.1.2",
      "resolved": "https://registry.npmjs.org/n-gram/-/n-gram-1.1.2.tgz",
      "integrity": "sha512-mBTpWKp0NHdujHmxrskPg2jc108mjyMmVxHN1rZGK/ogTLi9O0debDIXlQPqotNELdNmVGtL4jr7SCig+4OWvQ=="
    },
    "node-addon-api": {
      "version": "3.1.0",
      "resolved": "https://registry.npmjs.org/node-addon-api/-/node-addon-api-3.1.0.tgz",
      "integrity": "sha512-flmrDNB06LIl5lywUz7YlNGZH/5p0M7W28k8hzd9Lshtdh1wshD2Y+U4h9LD6KObOy1f+fEVdgprPrEymjM5uw=="
    },
    "node-kmeans": {
      "version": "1.1.9",
      "resolved": "https://registry.npmjs.org/node-kmeans/-/node-kmeans-1.1.9.tgz",
      "integrity": "sha512-qZiuD4ab4cvsSWQSccWzLb4j1cHlm6wjGiWrbhCPZweVzpfcWBQ2CMqK4YBtJJ3OhK27NkZ1PKiLlZ52Z///cQ==",
      "requires": {
        "underscore": "^1.9.1"
      }
    },
    "object-hash": {
      "version": "2.1.1",
      "resolved": "https://registry.npmjs.org/object-hash/-/object-hash-2.1.1.tgz",
      "integrity": "sha512-VOJmgmS+7wvXf8CjbQmimtCnEx3IAoLxI3fp2fbWehxrWBcAQFbk+vcwb6vzR0VZv/eNCJ/27j151ZTwqW/JeQ==",
      "dev": true
    },
    "once": {
      "version": "1.4.0",
      "resolved": "https://registry.npmjs.org/once/-/once-1.4.0.tgz",
      "integrity": "sha1-WDsap3WWHUsROsF9nFC6753Xa9E=",
      "requires": {
        "wrappy": "1"
      }
    },
    "path-is-absolute": {
      "version": "1.0.1",
      "resolved": "https://registry.npmjs.org/path-is-absolute/-/path-is-absolute-1.0.1.tgz",
      "integrity": "sha1-F0uSaHNVNP+8es5r9TpanhtcX18="
    },
    "querystringify": {
      "version": "2.2.0",
      "resolved": "https://registry.npmjs.org/querystringify/-/querystringify-2.2.0.tgz",
      "integrity": "sha512-FIqgj2EUvTa7R50u0rGsyTftzjYmv/a3hO345bZNrqabNqjtgiDMgmo4mkUjd+nzU5oF3dClKqFIPUKybUyqoQ==",
      "dev": true
    },
    "readable-stream": {
      "version": "1.1.14",
      "resolved": "https://registry.npmjs.org/readable-stream/-/readable-stream-1.1.14.tgz",
      "integrity": "sha1-fPTFTvZI44EwhMY23SB54WbAgdk=",
      "dev": true,
      "requires": {
        "core-util-is": "~1.0.0",
        "inherits": "~2.0.1",
        "isarray": "0.0.1",
        "string_decoder": "~0.10.x"
      }
    },
    "requires-port": {
      "version": "1.0.0",
      "resolved": "https://registry.npmjs.org/requires-port/-/requires-port-1.0.0.tgz",
      "integrity": "sha1-kl0mAdOaxIXgkc8NpcbmlNw9yv8=",
      "dev": true
    },
    "rimraf": {
      "version": "2.7.1",
      "resolved": "https://registry.npmjs.org/rimraf/-/rimraf-2.7.1.tgz",
      "integrity": "sha512-uWjbaKIK3T1OSVptzX7Nl6PvQ3qAGtKEtVRjRuazjfL3Bx5eI409VZSqgND+4UNnmzLVdPj9FqFJNPqBZFve4w==",
      "requires": {
        "glob": "^7.1.3"
      },
      "dependencies": {
        "glob": {
          "version": "7.1.6",
          "resolved": "https://registry.npmjs.org/glob/-/glob-7.1.6.tgz",
          "integrity": "sha512-LwaxwyZ72Lk7vZINtNNrywX0ZuLyStrdDtabefZKAY5ZGJhVtgdznluResxNmPitE0SAO+O26sWTHeKSI2wMBA==",
          "requires": {
            "fs.realpath": "^1.0.0",
            "inflight": "^1.0.4",
            "inherits": "2",
            "minimatch": "^3.0.4",
            "once": "^1.3.0",
            "path-is-absolute": "^1.0.0"
          }
        }
      }
    },
    "safe-buffer": {
      "version": "5.1.2",
      "resolved": "https://registry.npmjs.org/safe-buffer/-/safe-buffer-5.1.2.tgz",
      "integrity": "sha512-Gd2UZBJDkXlY7GbJxfsE8/nvKkUEU1G38c1siN6QP6a9PT9MmHB8GnpscSmMJSoF8LOIrt8ud/wPtojys4G6+g==",
      "dev": true
    },
    "safer-buffer": {
      "version": "2.1.2",
      "resolved": "https://registry.npmjs.org/safer-buffer/-/safer-buffer-2.1.2.tgz",
      "integrity": "sha512-YZo3K82SD7Riyi0E1EQPojLz7kpepnSQI9IyPbHHg1XXXevb5dJI7tpyN2ADxGcQbHG7vcyRHk0cbwqcQriUtg=="
    },
    "string_decoder": {
      "version": "0.10.31",
      "resolved": "https://registry.npmjs.org/string_decoder/-/string_decoder-0.10.31.tgz",
      "integrity": "sha1-YuIDvEF2bGwoyfyEMB2rHFMQ+pQ=",
      "dev": true
    },
    "supports-color": {
      "version": "7.2.0",
      "resolved": "https://registry.npmjs.org/supports-color/-/supports-color-7.2.0.tgz",
      "integrity": "sha512-qpCAvRl9stuOHveKsn7HncJRvv501qIacKzQlO/+Lwxc9+0q2wLyv4Dfvt80/DPn2pqOBsJdDiogXGR9+OvwRw==",
      "requires": {
        "has-flag": "^4.0.0"
      }
    },
    "trigram-utils": {
      "version": "1.0.3",
      "resolved": "https://registry.npmjs.org/trigram-utils/-/trigram-utils-1.0.3.tgz",
      "integrity": "sha512-UAhS1Ll21FtClVIzIN0I/SmGnJ+D08BOxX7Dl1penV8raC0ksf2dJkhNI6kU1Mj3uT86Bul12iMvxXquXSYSng==",
      "requires": {
        "collapse-white-space": "^1.0.0",
        "n-gram": "^1.0.0",
        "trim": "0.0.1"
      }
    },
    "trim": {
      "version": "0.0.1",
      "resolved": "https://registry.npmjs.org/trim/-/trim-0.0.1.tgz",
      "integrity": "sha1-WFhUf2spB1fulczMZm+1AITEYN0="
    },
    "underscore": {
      "version": "1.12.1",
      "resolved": "https://registry.npmjs.org/underscore/-/underscore-1.12.1.tgz",
      "integrity": "sha512-hEQt0+ZLDVUMhebKxL4x1BTtDY7bavVofhZ9KZ4aI26X9SRaE+Y3m83XUL1UP2jn8ynjndwCCpEHdUG+9pP1Tw=="
    },
    "url-parse": {
      "version": "1.4.7",
      "resolved": "https://registry.npmjs.org/url-parse/-/url-parse-1.4.7.tgz",
      "integrity": "sha512-d3uaVyzDB9tQoSXFvuSUNFibTd9zxd2bkVrDRvF5TmvWWQwqE4lgYJ5m+x1DbecWkw+LK4RNl2CU1hHuOKPVlg==",
      "dev": true,
      "requires": {
        "querystringify": "^2.1.1",
        "requires-port": "^1.0.0"
      }
    },
    "uue": {
      "version": "3.1.2",
      "resolved": "https://registry.npmjs.org/uue/-/uue-3.1.2.tgz",
      "integrity": "sha512-axKLXVqwtdI/czrjG0X8hyV1KLgeWx8F4KvSbvVCnS+RUvsQMGRjx0kfuZDXXqj0LYvVJmx3B9kWlKtEdRrJLg==",
      "requires": {
        "escape-string-regexp": "~1.0.5",
        "extend": "~3.0.0"
      }
    },
    "worldcities": {
      "version": "0.1.7",
      "resolved": "https://registry.npmjs.org/worldcities/-/worldcities-0.1.7.tgz",
      "integrity": "sha512-AdQNm/ydmYYi1fjNe60Y4hEKld+sxTCyfiXfmRQ3+8LhB2JD1ODLtYGzAMxQPd/VJxQE9sh5DN9dqv5L++VNxA=="
    },
    "wrappy": {
      "version": "1.0.2",
      "resolved": "https://registry.npmjs.org/wrappy/-/wrappy-1.0.2.tgz",
      "integrity": "sha1-tSQ9jz7BqjXxNkYFvA0QNuMKtp8="
    },
    "yapople": {
      "version": "0.4.1",
      "resolved": "https://registry.npmjs.org/yapople/-/yapople-0.4.1.tgz",
      "integrity": "sha512-QAIrq9ZKGmwdOCfY9QEZFWNLPyjASIYtaP5uM2i2bRDlehhfxzaI1WD6nd/4xWitcJWAXv7zV9Rp2+r5hhEeYQ==",
      "requires": {
        "mailparser": "^0.5.1"
      }
    }
  }
}
