{
  "name": "@lskjs/server-api",
  "version": "0.38.1",
  "lockfileVersion": 1,
  "requires": true,
  "dependencies": {
    "@lskjs/utils": {
      "version": "0.37.1",
      "resolved": "https://registry.npmjs.org/@lskjs/utils/-/utils-0.37.1.tgz",
      "integrity": "sha512-Mlt/1vn5qU/ctdrC5kHrVLXDOVWHPitwkMxfwzqAWrE1Q4RF1T1v3Fuh3GsA3zCbMeMrekUwo+P8FntcXDgYVQ==",
      "dev": true,
      "requires": {
        "csv-string": "^3.1.5",
        "moment": "*"
      }
    },
    "bluebird": {
      "version": "3.5.5",
      "resolved": "https://registry.npmjs.org/bluebird/-/bluebird-3.5.5.tgz",
      "integrity": "sha512-5am6HnnfN+urzt4yfg7IgTbotDjIT/u8AJpEt0sIU9FtXfVeezXAPKswrG+xKUCOYAINpSdgZVDU6QFh+cuH3w==",
      "dev": true
    },
    "cacheman": {
      "version": "2.2.1",
      "resolved": "https://registry.npmjs.org/cacheman/-/cacheman-2.2.1.tgz",
      "integrity": "sha1-NRDA3vEkKdYbeAEo/xj50oS7Arg=",
      "requires": {
        "cacheman-memory": "^1.0.2",
        "ms": "^0.7.1"
      },
      "dependencies": {
        "ms": {
          "version": "0.7.3",
          "resolved": "https://registry.npmjs.org/ms/-/ms-0.7.3.tgz",
          "integrity": "sha1-cIFVpeROM/X9D8U+gdDUCpG+H/8="
        }
      }
    },
    "cacheman-memory": {
      "version": "1.1.0",
      "resolved": "https://registry.npmjs.org/cacheman-memory/-/cacheman-memory-1.1.0.tgz",
      "integrity": "sha512-jZ/Sg/LdgkN+T3G0BV3ekYzCAswKwZRBOvOmZ/VYwdhSTtMz6irMOt1JppBGZ7zVdjcBeku9tfOzb49KbXIT2w==",
      "requires": {
        "lru-cache": "~4.1.x"
      }
    },
    "csv-string": {
      "version": "3.1.7",
      "resolved": "https://registry.npmjs.org/csv-string/-/csv-string-3.1.7.tgz",
      "integrity": "sha512-36J9ILEVYQ/z7BbnPMW2MqfxA6TF84Xye4hcSTH/dXin5Uuh2ouSqBk5A//75Y+Bv3z7APjK0BINNmxVN1mXpA==",
      "dev": true
    },
    "lodash": {
      "version": "4.17.11",
      "resolved": "https://registry.npmjs.org/lodash/-/lodash-4.17.11.tgz",
      "integrity": "sha512-cQKh8igo5QUhZ7lg38DYWAxMvjSAKG0A8wGSVimP07SIUEK2UO+arSRKbRZWtelMtN5V0Hkwh5ryOto/SshYIg==",
      "dev": true
    },
    "lru-cache": {
      "version": "4.1.5",
      "resolved": "https://registry.npmjs.org/lru-cache/-/lru-cache-4.1.5.tgz",
      "integrity": "sha512-sWZlbEP2OsHNkXrMl5GYk/jKk70MBng6UU4YI/qGDYbgf6YbP4EvmqISbXCoJiRKs+1bSpFHVgQxvJ17F2li5g==",
      "requires": {
        "pseudomap": "^1.0.2",
        "yallist": "^2.1.2"
      }
    },
    "moment": {
      "version": "2.24.0",
      "resolved": "https://registry.npmjs.org/moment/-/moment-2.24.0.tgz",
      "integrity": "sha512-bV7f+6l2QigeBBZSM/6yTNq4P2fNpSWj/0e7jQcy87A8e7o2nAfP/34/2ky5Vw4B9S446EtIhodAzkFCcR4dQg==",
      "dev": true,
      "optional": true
    },
    "object-hash": {
      "version": "1.3.1",
      "resolved": "https://registry.npmjs.org/object-hash/-/object-hash-1.3.1.tgz",
      "integrity": "sha512-OSuu/pU4ENM9kmREg0BdNrUDIl1heYa4mBZacJc+vVWz4GtAwu7jO8s4AIt2aGRUTqxykpWzI3Oqnsm13tTMDA=="
    },
    "pseudomap": {
      "version": "1.0.2",
      "resolved": "https://registry.npmjs.org/pseudomap/-/pseudomap-1.0.2.tgz",
      "integrity": "sha1-8FKijacOYYkX7wqKw0wa5aaChrM="
    },
    "yallist": {
      "version": "2.1.2",
      "resolved": "https://registry.npmjs.org/yallist/-/yallist-2.1.2.tgz",
      "integrity": "sha1-HBH5IY8HYImkfdUS+TxmmaaoHVI="
    }
  }
}
