{
  "name": "@lskjs/bots-plugin-portal",
  "version": "2.3.0-beta.62",
  "lockfileVersion": 1,
  "requires": true,
  "dependencies": {
    "@lskjs/bots": {
      "version": "2.3.0-beta.35",
      "resolved": "https://registry.npmjs.org/@lskjs/bots/-/bots-2.3.0-beta.35.tgz",
      "integrity": "sha512-zZBbGuiOV+ZKVU5dsbvA520w1SruScw+Vhy73ICDSoPgIqnW9t3xZP924MsngnQ2QJGce0u7Hyotn/bJUovnuw==",
      "requires": {
        "@lskjs/bots-base": "2.3.0-beta.26",
        "@lskjs/bots-router": "2.3.0-beta.26",
        "@lskjs/module": "2.3.0-beta.26",
        "@lskjs/utils": "2.3.0-beta.22"
      },
      "dependencies": {
        "@lskjs/bots-base": {
          "version": "2.3.0-beta.26",
          "resolved": "https://registry.npmjs.org/@lskjs/bots-base/-/bots-base-2.3.0-beta.26.tgz",
          "integrity": "sha512-CRIY3bTyKp1+nr5TQXRCK39K2L7wIEyW+v1EToi5OSrBLwlp/7HIPtHRRxFrRWJ1H5n0Gr20H04n07amo4tJiQ==",
          "requires": {
            "@lskjs/bots-base": "2.3.0-beta.26",
            "@lskjs/module": "2.3.0-beta.26",
            "@lskjs/utils": "2.3.0-beta.22"
          }
        }
      }
    },
    "@lskjs/bots-base": {
      "version": "2.3.0-beta.10",
      "resolved": "https://registry.npmjs.org/@lskjs/bots-base/-/bots-base-2.3.0-beta.10.tgz",
      "integrity": "sha512-38lcC/bmeg5lgc2D5o02esIr3jMFnCFt3oYN57WvBXRp/Wo0zvCslXvwkAdX3SATDbwsUdiiqbamecCUN3zTog==",
      "requires": {
        "@lskjs/bots-base": "2.3.0-beta.10",
        "@lskjs/module": "2.3.0-beta.10",
        "@lskjs/utils": "2.3.0-beta.10"
      },
      "dependencies": {
        "@lskjs/log2": {
          "version": "2.3.0-beta.10",
          "resolved": "https://registry.npmjs.org/@lskjs/log2/-/log2-2.3.0-beta.10.tgz",
          "integrity": "sha512-2UW5wRPiaSGiUfq9x07yY80BvtZxCypuic3QJFc8vaS8EQC1P6HjotSJKyEwn+WR7Cv5CrIB1cetNPbZ+z11uA==",
          "requires": {
            "@lskjs/debug-level": "0.3.2",
            "colors": "1.4.0"
          }
        },
        "@lskjs/module": {
          "version": "2.3.0-beta.10",
          "resolved": "https://registry.npmjs.org/@lskjs/module/-/module-2.3.0-beta.10.tgz",
          "integrity": "sha512-sgOMG7rdN1pqssdJyo4pbA9+pnh+1mm0qP9IW6+iXo+oUbzEVe0Ex2XJS2tGUNhU1jwev0We1XO7e1kqVgdSng==",
          "requires": {
            "@lskjs/log2": "2.3.0-beta.10",
            "@lskjs/utils": "2.3.0-beta.10",
            "colors": "1.4.0",
            "eventemitter3": "4.0.7"
          }
        },
        "@lskjs/utils": {
          "version": "2.3.0-beta.10",
          "resolved": "https://registry.npmjs.org/@lskjs/utils/-/utils-2.3.0-beta.10.tgz",
          "integrity": "sha512-4tCe7N33SkG2+s4BfA9+DASGIoxeKUS/PQji8FePXEnyyXuat2brPXZ4tyOHNNOJmfOFDBEo8VToVEl9Vaerow=="
        }
      }
    },
    "@lskjs/bots-router": {
      "version": "2.3.0-beta.26",
      "resolved": "https://registry.npmjs.org/@lskjs/bots-router/-/bots-router-2.3.0-beta.26.tgz",
      "integrity": "sha512-Njz5gUUFaagScHkmZwWFUTl7i3eZIJhsZxhRoHC5EQc0zu0cIpFP3rQMaS9rMlHL4pZbFz7cAL5vhxWvQidnAw==",
      "requires": {
        "@lskjs/module": "2.3.0-beta.26",
        "@lskjs/utils": "2.3.0-beta.22",
        "universal-router": "9.0.1"
      }
    },
    "@lskjs/debug-level": {
      "version": "0.3.2",
      "resolved": "https://registry.npmjs.org/@lskjs/debug-level/-/debug-level-0.3.2.tgz",
      "integrity": "sha512-VHPhtJ9do45MGE93DxEsPdCgPUQAAAdicgytkzG8UMCXIgq5nIKY7JNzDunqbOw2sH7yaJfzF1sYwfb745zWCQ==",
      "requires": {
        "asyncc": "^2.0.4",
        "chalk": "^4.1.0",
        "json-stringify-safe": "^5.0.1",
        "map-lru": "^1.1.0",
        "ms": "^2.1.2"
      }
    },
    "@lskjs/log2": {
      "version": "2.3.0-beta.22",
      "resolved": "https://registry.npmjs.org/@lskjs/log2/-/log2-2.3.0-beta.22.tgz",
      "integrity": "sha512-frH5MpRvjanPq2HKg2aHm2Od6lj7zKMvYWuAU4+xGV+FWHdwPA74YLRpj8XzlYvvYkZFTyoA0FVQCRl8WPmvyA==",
      "requires": {
        "@lskjs/debug-level": "0.3.2",
        "colors": "1.4.0"
      }
    },
    "@lskjs/module": {
      "version": "2.3.0-beta.26",
      "resolved": "https://registry.npmjs.org/@lskjs/module/-/module-2.3.0-beta.26.tgz",
      "integrity": "sha512-jVohYOxXLtvwzLFF8feBj0mpTpWgfgbHE1eTw7h3bKavScIjYzw/MJFF7hJT9Gd5MRj+o9E59Sio4Fm7lxwh/g==",
      "requires": {
        "@lskjs/log2": "2.3.0-beta.22",
        "@lskjs/mutex": "2.3.0-beta.22",
        "@lskjs/utils": "2.3.0-beta.22",
        "colors": "1.4.0",
        "eventemitter3": "4.0.7"
      }
    },
    "@lskjs/mutex": {
      "version": "2.3.0-beta.22",
      "resolved": "https://registry.npmjs.org/@lskjs/mutex/-/mutex-2.3.0-beta.22.tgz",
      "integrity": "sha512-X2ZAhn/eCArmUIHuujw77H90KzmI+oqgdk+kFXmHR6QzN/Z1UeCOheWNIB6nlRg8wzWUdwYJwabyuEgiSz9KTg==",
      "requires": {
        "async-mutex": "0.2.6"
      }
    },
    "@lskjs/utils": {
      "version": "2.3.0-beta.22",
      "resolved": "https://registry.npmjs.org/@lskjs/utils/-/utils-2.3.0-beta.22.tgz",
      "integrity": "sha512-PY5Z2rzNmVzNLM1kBzcrN5yKMUe0Ra5tuVuwWfWzYPYQ9Suflt9bVUGUI/zJ7NOG2LxsxBmo8zmOaT/kOSPkNg=="
    },
    "ansi-styles": {
      "version": "4.3.0",
      "resolved": "https://registry.npmjs.org/ansi-styles/-/ansi-styles-4.3.0.tgz",
      "integrity": "sha512-zbB9rCJAT1rbjiVDb2hqKFHNYLxgtk8NURxZ3IZwD3F6NtxbXZQCnnSi1Lkx+IDohdPlFp222wVALIheZJQSEg==",
      "requires": {
        "color-convert": "^2.0.1"
      }
    },
    "async-mutex": {
      "version": "0.2.6",
      "resolved": "https://registry.npmjs.org/async-mutex/-/async-mutex-0.2.6.tgz",
      "integrity": "sha512-Hs4R+4SPgamu6rSGW8C7cV9gaWUKEHykfzCCvIRuaVv636Ju10ZdeUbvb4TBEW0INuq2DHZqXbK4Nd3yG4RaRw==",
      "requires": {
        "tslib": "^2.0.0"
      }
    },
    "asyncc": {
      "version": "2.0.4",
      "resolved": "https://registry.npmjs.org/asyncc/-/asyncc-2.0.4.tgz",
      "integrity": "sha512-5ohHLrRC6ZJ7ypVlJh3XJlINBdErz7VeQnNNLXq2T9hVsph58x49oykgg+KNbpnOiMF0X2vDmR2i2LVtWBL7Mw=="
    },
    "bluebird": {
      "version": "3.7.2",
      "resolved": "https://registry.npmjs.org/bluebird/-/bluebird-3.7.2.tgz",
      "integrity": "sha512-XpNj6GDQzdfW+r2Wnn7xiSAd7TM3jzkxGXBGTtWKuSXv1xUV+azxAm8jdWZN06QTQk+2N2XB9jRDkvbmQmcRtg==",
      "dev": true
    },
    "chalk": {
      "version": "4.1.1",
      "resolved": "https://registry.npmjs.org/chalk/-/chalk-4.1.1.tgz",
      "integrity": "sha512-diHzdDKxcU+bAsUboHLPEDQiw0qEe0qd7SYUn3HgcFlWgbDcfLGswOHYeGrHKzG9z6UYf01d9VFMfZxPM1xZSg==",
      "requires": {
        "ansi-styles": "^4.1.0",
        "supports-color": "^7.1.0"
      }
    },
    "color-convert": {
      "version": "2.0.1",
      "resolved": "https://registry.npmjs.org/color-convert/-/color-convert-2.0.1.tgz",
      "integrity": "sha512-RRECPsj7iu/xb5oKYcsFHSppFNnsj/52OVTRKb4zP5onXwVF3zVmmToNcOfGC+CRDpfK/U584fMg38ZHCaElKQ==",
      "requires": {
        "color-name": "~1.1.4"
      }
    },
    "color-name": {
      "version": "1.1.4",
      "resolved": "https://registry.npmjs.org/color-name/-/color-name-1.1.4.tgz",
      "integrity": "sha512-dOy+3AuW3a2wNbZHIuMZpTcgjGuLU/uBL/ubcZF9OXbDo8ff4O8yVp5Bf0efS8uEoYo5q4Fx7dY9OgQGXgAsQA=="
    },
    "colors": {
      "version": "1.4.0",
      "resolved": "https://registry.npmjs.org/colors/-/colors-1.4.0.tgz",
      "integrity": "sha512-a+UqTh4kgZg/SlGvfbzDHpgRu7AAQOmmqRHJnxhRZICKFUT91brVhNNt58CMWU9PsBbv3PDCZUHbVxuDiH2mtA=="
    },
    "eventemitter3": {
      "version": "4.0.7",
      "resolved": "https://registry.npmjs.org/eventemitter3/-/eventemitter3-4.0.7.tgz",
      "integrity": "sha512-8guHBZCwKnFhYdHr2ysuRWErTwhoN2X8XELRlrRwpmfeY2jjuUN4taQMsULKUVo1K4DvZl+0pgfyoysHxvmvEw=="
    },
    "has-flag": {
      "version": "4.0.0",
      "resolved": "https://registry.npmjs.org/has-flag/-/has-flag-4.0.0.tgz",
      "integrity": "sha512-EykJT/Q1KjTWctppgIAgfSO0tKVuZUjhgMr17kqTumMl6Afv3EISleU7qZUzoXDFTAHTDC4NOoG/ZxU3EvlMPQ=="
    },
    "json-stringify-safe": {
      "version": "5.0.1",
      "resolved": "https://registry.npmjs.org/json-stringify-safe/-/json-stringify-safe-5.0.1.tgz",
      "integrity": "sha1-Epai1Y/UXxmg9s4B1lcB4sc1tus="
    },
    "lodash": {
      "version": "4.17.20",
      "resolved": "https://registry.npmjs.org/lodash/-/lodash-4.17.20.tgz",
      "integrity": "sha512-PlhdFcillOINfeV7Ni6oF1TAEayyZBoZ8bcshTHqOYJYlrqzRK5hagpagky5o4HfCzzd1TRkXPMFq6cKk9rGmA==",
      "dev": true
    },
    "map-lru": {
      "version": "1.1.0",
      "resolved": "https://registry.npmjs.org/map-lru/-/map-lru-1.1.0.tgz",
      "integrity": "sha512-vbnDZvYRfQQKfzxgCgZkcbdx5ooWoY9EnlmIdEJHAguHsl6GiGblzbRLkdQS1kyhA1CPjZvWqMNil/sG3gdt2Q=="
    },
    "moment": {
      "version": "2.29.1",
      "resolved": "https://registry.npmjs.org/moment/-/moment-2.29.1.tgz",
      "integrity": "sha512-kHmoybcPV8Sqy59DwNDY3Jefr64lK/by/da0ViFcuA4DH0vQg5Q6Ze5VimxkfQNSC+Mls/Kx53s7TjP1RhFEDQ=="
    },
    "moment-timezone": {
      "version": "0.5.33",
      "resolved": "https://registry.npmjs.org/moment-timezone/-/moment-timezone-0.5.33.tgz",
      "integrity": "sha512-PTc2vcT8K9J5/9rDEPe5czSIKgLoGsH8UNpA4qZTVw0Vd/Uz19geE9abbIOQKaAQFcnQ3v5YEXrbSc5BpshH+w==",
      "requires": {
        "moment": ">= 2.9.0"
      }
    },
    "ms": {
      "version": "2.1.3",
      "resolved": "https://registry.npmjs.org/ms/-/ms-2.1.3.tgz",
      "integrity": "sha512-6FlzubTLZG3J2a/NVCAleEhjzq5oxgHyaCU9yYXvcLsvoVaHJq/s5xXI6/XXP6tz7R9xAOtHnSO/tXtF3WRTlA=="
    },
    "node-cron": {
      "version": "3.0.0",
      "resolved": "https://registry.npmjs.org/node-cron/-/node-cron-3.0.0.tgz",
      "integrity": "sha512-DDwIvvuCwrNiaU7HEivFDULcaQualDv7KoNlB/UU1wPW0n1tDEmBJKhEIE6DlF2FuoOHcNbLJ8ITL2Iv/3AWmA==",
      "requires": {
        "moment-timezone": "^0.5.31"
      }
    },
    "path-to-regexp": {
      "version": "6.2.0",
      "resolved": "https://registry.npmjs.org/path-to-regexp/-/path-to-regexp-6.2.0.tgz",
      "integrity": "sha512-f66KywYG6+43afgE/8j/GoiNyygk/bnoCbps++3ErRKsIYkGGupyv07R2Ok5m9i67Iqc+T2g1eAUGUPzWhYTyg=="
    },
    "supports-color": {
      "version": "7.2.0",
      "resolved": "https://registry.npmjs.org/supports-color/-/supports-color-7.2.0.tgz",
      "integrity": "sha512-qpCAvRl9stuOHveKsn7HncJRvv501qIacKzQlO/+Lwxc9+0q2wLyv4Dfvt80/DPn2pqOBsJdDiogXGR9+OvwRw==",
      "requires": {
        "has-flag": "^4.0.0"
      }
    },
    "tslib": {
      "version": "2.2.0",
      "resolved": "https://registry.npmjs.org/tslib/-/tslib-2.2.0.tgz",
      "integrity": "sha512-gS9GVHRU+RGn5KQM2rllAlR3dU6m7AcpJKdtH8gFvQiC4Otgk98XnmMU+nZenHt/+VhnBPWwgrJsyrdcw6i23w=="
    },
    "universal-router": {
      "version": "9.0.1",
      "resolved": "https://registry.npmjs.org/universal-router/-/universal-router-9.0.1.tgz",
      "integrity": "sha512-cDKiUa0/XuEXVlbvngqW1gYaolq6/+hNakR291PostYaN5G7w6VOKfk3nIucHlX5MxFnvmSs9KsRgD+6pYwwzg==",
      "requires": {
        "path-to-regexp": "^6.1.0"
      }
    }
  }
}
