{
  "name": "@lskjs/module",
  "version": "1.0.46",
  "lockfileVersion": 1,
  "requires": true,
  "dependencies": {
    "@browser-bunyan/console-formatted-stream": {
      "version": "1.5.3",
      "resolved": "https://registry.npmjs.org/@browser-bunyan/console-formatted-stream/-/console-formatted-stream-1.5.3.tgz",
      "integrity": "sha512-ZfxkXgiSWBfOWhgeSFip5rih9gpdHDzOiJtZ7SqhJNZ/syp+Ab+gfy9oLpJhzS7SUjhOW9fXEfSYD3Pc6jJ3/w==",
      "dev": true,
      "requires": {
        "@browser-bunyan/levels": "^1.5.3"
      }
    },
    "@browser-bunyan/console-plain-stream": {
      "version": "1.5.3",
      "resolved": "https://registry.npmjs.org/@browser-bunyan/console-plain-stream/-/console-plain-stream-1.5.3.tgz",
      "integrity": "sha512-fiAFlAwTRG8dq9+WYTcZJlktU2UIHzs9CkBNZMtHfHg1uZcJAYiHxqCuuwgqjFBQEjwW4gej/NtZqvTGwJ/xyA==",
      "dev": true,
      "requires": {
        "@browser-bunyan/levels": "^1.5.3"
      }
    },
    "@browser-bunyan/console-raw-stream": {
      "version": "1.5.3",
      "resolved": "https://registry.npmjs.org/@browser-bunyan/console-raw-stream/-/console-raw-stream-1.5.3.tgz",
      "integrity": "sha512-DmrbuRiEN405wRAvDrm7KvXmmb1qKe9bCTOF3s89UQnSVTRH2BWFeE7pCpp5s6XDiEAvaH8pG7HISkV/6IvBow==",
      "dev": true,
      "requires": {
        "@browser-bunyan/levels": "^1.5.3"
      }
    },
    "@browser-bunyan/levels": {
      "version": "1.5.3",
      "resolved": "https://registry.npmjs.org/@browser-bunyan/levels/-/levels-1.5.3.tgz",
      "integrity": "sha512-mwIpHU0lfQmTcjLajB0LVe3DZaWxxv3eBY2meAjKS7bvimji3ysHZqjmCxD1z4cJJNVjjmKY1KLGVbCC3XETxQ==",
      "dev": true
    },
    "@lskjs/bunyan": {
      "version": "1.0.14",
      "resolved": "https://registry.npmjs.org/@lskjs/bunyan/-/bunyan-1.0.14.tgz",
      "integrity": "sha512-74scA0hvC1z0XBeYw8McXZ/kdFWEy+MNrOlqDmT/BBaNyGSTY0FGUXloTMdZQyHaX0xADrjWMc0J+aAmwkfXxA==",
      "dev": true,
      "requires": {
        "exeunt": "1.1.1"
      }
    },
    "@lskjs/log": {
      "version": "1.0.17",
      "resolved": "https://registry.npmjs.org/@lskjs/log/-/log-1.0.17.tgz",
      "integrity": "sha512-L7q17IQxPxQs2EiahdgtVaE8ZSQWiDhO8XVusijwp1lw4dyaoD2iff9iEkeAhCpEwG18nyF2znCEGy5P24PW6A==",
      "dev": true,
      "requires": {
        "@browser-bunyan/levels": "1.5.3",
        "@lskjs/bunyan": "1.0.14",
        "@lskjs/utils": "^1.0.17",
        "browser-bunyan": "1.5.3",
        "source-map-support": "0.5.16"
      }
    },
    "@lskjs/utils": {
      "version": "1.0.17",
      "resolved": "https://registry.npmjs.org/@lskjs/utils/-/utils-1.0.17.tgz",
      "integrity": "sha512-KYhPnHEodAk/6RvVlrCWsVtO6eI8pmkBVpFuVW+UGm6IrwdoRjTDSb53SLug2KQJ3GR8Z6HjMIegK8fjvfwO6A==",
      "dev": true,
      "requires": {
        "csv-string": "3.1.7"
      }
    },
    "bluebird": {
      "version": "3.7.2",
      "resolved": "https://registry.npmjs.org/bluebird/-/bluebird-3.7.2.tgz",
      "integrity": "sha512-XpNj6GDQzdfW+r2Wnn7xiSAd7TM3jzkxGXBGTtWKuSXv1xUV+azxAm8jdWZN06QTQk+2N2XB9jRDkvbmQmcRtg==",
      "dev": true
    },
    "browser-bunyan": {
      "version": "1.5.3",
      "resolved": "https://registry.npmjs.org/browser-bunyan/-/browser-bunyan-1.5.3.tgz",
      "integrity": "sha512-ijym10RK/fVIpWIEHxwfRQALSY8WFVUNyU8JBVMYF/TfllCv3/V4mNsv0dV5+U3Kr+lpdoJAM6qvkkEudV5L+w==",
      "dev": true,
      "requires": {
        "@browser-bunyan/console-formatted-stream": "^1.5.3",
        "@browser-bunyan/console-plain-stream": "^1.5.3",
        "@browser-bunyan/console-raw-stream": "^1.5.3",
        "@browser-bunyan/levels": "^1.5.3"
      }
    },
    "buffer-from": {
      "version": "1.1.1",
      "resolved": "https://registry.npmjs.org/buffer-from/-/buffer-from-1.1.1.tgz",
      "integrity": "sha512-MQcXEUbCKtEo7bhqEs6560Hyd4XaovZlO/k9V3hjVUF/zwW7KBVdSK4gIt/bzwS9MbR5qob+F5jusZsb0YQK2A==",
      "dev": true
    },
    "csv-string": {
      "version": "3.1.7",
      "resolved": "https://registry.npmjs.org/csv-string/-/csv-string-3.1.7.tgz",
      "integrity": "sha512-36J9ILEVYQ/z7BbnPMW2MqfxA6TF84Xye4hcSTH/dXin5Uuh2ouSqBk5A//75Y+Bv3z7APjK0BINNmxVN1mXpA==",
      "dev": true
    },
    "eventemitter3": {
      "version": "4.0.0",
      "resolved": "https://registry.npmjs.org/eventemitter3/-/eventemitter3-4.0.0.tgz",
      "integrity": "sha512-qerSRB0p+UDEssxTtm6EDKcE7W4OaoisfIMl4CngyEhjpYglocpNg6UEqCvemdGhosAsg4sO2dXJOdyBifPGCg=="
    },
    "exeunt": {
      "version": "1.1.1",
      "resolved": "https://registry.npmjs.org/exeunt/-/exeunt-1.1.1.tgz",
      "integrity": "sha1-tAVOBsO6WmxOGcFzRUzDFuoH3nU=",
      "dev": true
    },
    "lodash": {
      "version": "4.17.15",
      "resolved": "https://registry.npmjs.org/lodash/-/lodash-4.17.15.tgz",
      "integrity": "sha512-8xOcRHvCjnocdS5cpwXQXVzmmh5e5+saE2QGoeQmbKmRS6J3VQppPOIt0MnmE+4xlZoumy0GPG0D0MVIQbNA1A==",
      "dev": true
    },
    "source-map": {
      "version": "0.6.1",
      "resolved": "https://registry.npmjs.org/source-map/-/source-map-0.6.1.tgz",
      "integrity": "sha512-UjgapumWlbMhkBgzT7Ykc5YXUT46F0iKu8SGXq0bcwP5dz/h0Plj6enJqjz1Zbq2l5WaqYnrVbwWOWMyF3F47g==",
      "dev": true
    },
    "source-map-support": {
      "version": "0.5.16",
      "resolved": "https://registry.npmjs.org/source-map-support/-/source-map-support-0.5.16.tgz",
      "integrity": "sha512-efyLRJDr68D9hBBNIPWFjhpFzURh+KJykQwvMyW5UiZzYwoF6l4YMMDIJJEyFWxWCqfyxLzz6tSfUFR+kXXsVQ==",
      "dev": true,
      "requires": {
        "buffer-from": "^1.0.0",
        "source-map": "^0.6.0"
      }
    }
  }
}
