{
  "name": "@lskjs/module",
  "version": "0.39.2",
  "lockfileVersion": 1,
  "requires": true,
  "dependencies": {
    "@browser-bunyan/console-formatted-stream": {
      "version": "1.5.3",
      "resolved": "https://registry.npmjs.org/@browser-bunyan/console-formatted-stream/-/console-formatted-stream-1.5.3.tgz",
      "integrity": "sha512-ZfxkXgiSWBfOWhgeSFip5rih9gpdHDzOiJtZ7SqhJNZ/syp+Ab+gfy9oLpJhzS7SUjhOW9fXEfSYD3Pc6jJ3/w==",
      "dev": true,
      "requires": {
        "@browser-bunyan/levels": "^1.5.3"
      }
    },
    "@browser-bunyan/console-plain-stream": {
      "version": "1.5.3",
      "resolved": "https://registry.npmjs.org/@browser-bunyan/console-plain-stream/-/console-plain-stream-1.5.3.tgz",
      "integrity": "sha512-fiAFlAwTRG8dq9+WYTcZJlktU2UIHzs9CkBNZMtHfHg1uZcJAYiHxqCuuwgqjFBQEjwW4gej/NtZqvTGwJ/xyA==",
      "dev": true,
      "requires": {
        "@browser-bunyan/levels": "^1.5.3"
      }
    },
    "@browser-bunyan/console-raw-stream": {
      "version": "1.5.3",
      "resolved": "https://registry.npmjs.org/@browser-bunyan/console-raw-stream/-/console-raw-stream-1.5.3.tgz",
      "integrity": "sha512-DmrbuRiEN405wRAvDrm7KvXmmb1qKe9bCTOF3s89UQnSVTRH2BWFeE7pCpp5s6XDiEAvaH8pG7HISkV/6IvBow==",
      "dev": true,
      "requires": {
        "@browser-bunyan/levels": "^1.5.3"
      }
    },
    "@browser-bunyan/levels": {
      "version": "1.5.3",
      "resolved": "https://registry.npmjs.org/@browser-bunyan/levels/-/levels-1.5.3.tgz",
      "integrity": "sha512-mwIpHU0lfQmTcjLajB0LVe3DZaWxxv3eBY2meAjKS7bvimji3ysHZqjmCxD1z4cJJNVjjmKY1KLGVbCC3XETxQ==",
      "dev": true
    },
    "@lskjs/bunyan": {
      "version": "0.39.0",
      "resolved": "https://registry.npmjs.org/@lskjs/bunyan/-/bunyan-0.39.0.tgz",
      "integrity": "sha512-ODx145sp9nD14X9osN3P66Mn92BJSBpTek4VCjflv75uSAXmq8HngqXbWJZhUY7HLfgHJWxUS40LYuo++1ftvQ==",
      "dev": true,
      "requires": {
        "exeunt": "1.1.0"
      }
    },
    "@lskjs/log": {
      "version": "0.39.1",
      "resolved": "https://registry.npmjs.org/@lskjs/log/-/log-0.39.1.tgz",
      "integrity": "sha512-pctUyxu1kyqlwqXSrnnHUzMuX8pkIau5PpD74bvP1n1w91al9NnfLKolP9HwzrsLzq75edYCB5hrbRABsZFxaw==",
      "dev": true,
      "requires": {
        "@browser-bunyan/levels": "^1.3.0",
        "@lskjs/bunyan": "^0.39.0",
        "browser-bunyan": "^1.5.0",
        "source-map-support": "^0.5.11"
      }
    },
    "bluebird": {
      "version": "3.5.3",
      "resolved": "https://registry.npmjs.org/bluebird/-/bluebird-3.5.3.tgz",
      "integrity": "sha512-/qKPUQlaW1OyR51WeCPBvRnAlnZFUJkCSG5HzGnuIqhgyJtF+T94lFnn33eiazjRm2LAHVy2guNnaq48X9SJuw==",
      "dev": true
    },
    "browser-bunyan": {
      "version": "1.5.3",
      "resolved": "https://registry.npmjs.org/browser-bunyan/-/browser-bunyan-1.5.3.tgz",
      "integrity": "sha512-ijym10RK/fVIpWIEHxwfRQALSY8WFVUNyU8JBVMYF/TfllCv3/V4mNsv0dV5+U3Kr+lpdoJAM6qvkkEudV5L+w==",
      "dev": true,
      "requires": {
        "@browser-bunyan/console-formatted-stream": "^1.5.3",
        "@browser-bunyan/console-plain-stream": "^1.5.3",
        "@browser-bunyan/console-raw-stream": "^1.5.3",
        "@browser-bunyan/levels": "^1.5.3"
      }
    },
    "buffer-from": {
      "version": "1.1.1",
      "resolved": "https://registry.npmjs.org/buffer-from/-/buffer-from-1.1.1.tgz",
      "integrity": "sha512-MQcXEUbCKtEo7bhqEs6560Hyd4XaovZlO/k9V3hjVUF/zwW7KBVdSK4gIt/bzwS9MbR5qob+F5jusZsb0YQK2A==",
      "dev": true
    },
    "eventemitter3": {
      "version": "3.1.0",
      "resolved": "https://registry.npmjs.org/eventemitter3/-/eventemitter3-3.1.0.tgz",
      "integrity": "sha512-ivIvhpq/Y0uSjcHDcOIccjmYjGLcP09MFGE7ysAwkAvkXfpZlC985pH2/ui64DKazbTW/4kN3yqozUxlXzI6cA=="
    },
    "exeunt": {
      "version": "1.1.0",
      "resolved": "https://registry.npmjs.org/exeunt/-/exeunt-1.1.0.tgz",
      "integrity": "sha1-r3Lbb5Szy3XpIa7jddUTBJhD0oQ=",
      "dev": true
    },
    "lodash": {
      "version": "4.17.15",
      "resolved": "https://registry.npmjs.org/lodash/-/lodash-4.17.15.tgz",
      "integrity": "sha512-8xOcRHvCjnocdS5cpwXQXVzmmh5e5+saE2QGoeQmbKmRS6J3VQppPOIt0MnmE+4xlZoumy0GPG0D0MVIQbNA1A==",
      "dev": true
    },
    "source-map": {
      "version": "0.6.1",
      "resolved": "https://registry.npmjs.org/source-map/-/source-map-0.6.1.tgz",
      "integrity": "sha512-UjgapumWlbMhkBgzT7Ykc5YXUT46F0iKu8SGXq0bcwP5dz/h0Plj6enJqjz1Zbq2l5WaqYnrVbwWOWMyF3F47g==",
      "dev": true
    },
    "source-map-support": {
      "version": "0.5.16",
      "resolved": "https://registry.npmjs.org/source-map-support/-/source-map-support-0.5.16.tgz",
      "integrity": "sha512-efyLRJDr68D9hBBNIPWFjhpFzURh+KJykQwvMyW5UiZzYwoF6l4YMMDIJJEyFWxWCqfyxLzz6tSfUFR+kXXsVQ==",
      "dev": true,
      "requires": {
        "buffer-from": "^1.0.0",
        "source-map": "^0.6.0"
      }
    }
  }
}
