{
  "name": "@lskjs/module",
  "version": "1.11.0",
  "lockfileVersion": 1,
  "requires": true,
  "dependencies": {
    "@browser-bunyan/console-formatted-stream": {
      "version": "1.5.3",
      "resolved": "https://registry.npmjs.org/@browser-bunyan/console-formatted-stream/-/console-formatted-stream-1.5.3.tgz",
      "integrity": "sha512-ZfxkXgiSWBfOWhgeSFip5rih9gpdHDzOiJtZ7SqhJNZ/syp+Ab+gfy9oLpJhzS7SUjhOW9fXEfSYD3Pc6jJ3/w==",
      "dev": true,
      "requires": {
        "@browser-bunyan/levels": "^1.5.3"
      }
    },
    "@browser-bunyan/console-plain-stream": {
      "version": "1.5.3",
      "resolved": "https://registry.npmjs.org/@browser-bunyan/console-plain-stream/-/console-plain-stream-1.5.3.tgz",
      "integrity": "sha512-fiAFlAwTRG8dq9+WYTcZJlktU2UIHzs9CkBNZMtHfHg1uZcJAYiHxqCuuwgqjFBQEjwW4gej/NtZqvTGwJ/xyA==",
      "dev": true,
      "requires": {
        "@browser-bunyan/levels": "^1.5.3"
      }
    },
    "@browser-bunyan/console-raw-stream": {
      "version": "1.5.3",
      "resolved": "https://registry.npmjs.org/@browser-bunyan/console-raw-stream/-/console-raw-stream-1.5.3.tgz",
      "integrity": "sha512-DmrbuRiEN405wRAvDrm7KvXmmb1qKe9bCTOF3s89UQnSVTRH2BWFeE7pCpp5s6XDiEAvaH8pG7HISkV/6IvBow==",
      "dev": true,
      "requires": {
        "@browser-bunyan/levels": "^1.5.3"
      }
    },
    "@browser-bunyan/levels": {
      "version": "1.5.3",
      "resolved": "https://registry.npmjs.org/@browser-bunyan/levels/-/levels-1.5.3.tgz",
      "integrity": "sha512-mwIpHU0lfQmTcjLajB0LVe3DZaWxxv3eBY2meAjKS7bvimji3ysHZqjmCxD1z4cJJNVjjmKY1KLGVbCC3XETxQ==",
      "dev": true
    },
    "@lskjs/autobind": {
      "version": "1.4.0",
      "resolved": "https://registry.npmjs.org/@lskjs/autobind/-/autobind-1.4.0.tgz",
      "integrity": "sha512-7cZp2TJtO12b0oj6Nxq8iMZeH0yUBrbMjWc59Z4umK7qfAtq/8nRg/V/6vF6tpqFWMpm19koguKWE3mM2KIRdw==",
      "requires": {
        "autobind-decorator": "2.4.0"
      }
    },
    "@lskjs/bunyan": {
      "version": "1.0.47",
      "resolved": "https://registry.npmjs.org/@lskjs/bunyan/-/bunyan-1.0.47.tgz",
      "integrity": "sha512-9n/35nLz/1ZUQbCotgxjwKTEbYvQVG2a46EpT+ORXkNSmw0MOoBgpF1Tdly0HoFiO7fISOqRzDt7A/2ExRwfVA==",
      "dev": true,
      "requires": {
        "exeunt": "1.1.1"
      }
    },
    "@lskjs/log": {
      "version": "1.5.0",
      "resolved": "https://registry.npmjs.org/@lskjs/log/-/log-1.5.0.tgz",
      "integrity": "sha512-zoDGnxhiNCUDac/bFdF3eFj7E2kQqBfdIJbASsz8A7/H13MBeJFCKPWhEaEn5VtpBLmKtLFT2rjbUZSNi5g2sg==",
      "dev": true,
      "requires": {
        "@browser-bunyan/levels": "1.5.3",
        "@lskjs/bunyan": "1.0.47",
        "@lskjs/utils": "1.5.0",
        "browser-bunyan": "1.5.3",
        "source-map-support": "0.5.16"
      }
    },
    "@lskjs/utils": {
      "version": "1.5.0",
      "resolved": "https://registry.npmjs.org/@lskjs/utils/-/utils-1.5.0.tgz",
      "integrity": "sha512-dqomtjP1NtoF3IW6F/uS9xV0McEHCkAuOqTUcnT33sOi+AOBYZH37h4pGWkP46ZXkRkzhQRjnzLAh2TrORTEbQ==",
      "requires": {
        "@lskjs/autobind": "1.4.0",
        "csv-string": "3.1.7",
        "qs": "6.9.1"
      }
    },
    "autobind-decorator": {
      "version": "2.4.0",
      "resolved": "https://registry.npmjs.org/autobind-decorator/-/autobind-decorator-2.4.0.tgz",
      "integrity": "sha512-OGYhWUO72V6DafbF8PM8rm3EPbfuyMZcJhtm5/n26IDwO18pohE4eNazLoCGhPiXOCD0gEGmrbU3849QvM8bbw=="
    },
    "bluebird": {
      "version": "3.7.2",
      "resolved": "https://registry.npmjs.org/bluebird/-/bluebird-3.7.2.tgz",
      "integrity": "sha512-XpNj6GDQzdfW+r2Wnn7xiSAd7TM3jzkxGXBGTtWKuSXv1xUV+azxAm8jdWZN06QTQk+2N2XB9jRDkvbmQmcRtg==",
      "dev": true
    },
    "browser-bunyan": {
      "version": "1.5.3",
      "resolved": "https://registry.npmjs.org/browser-bunyan/-/browser-bunyan-1.5.3.tgz",
      "integrity": "sha512-ijym10RK/fVIpWIEHxwfRQALSY8WFVUNyU8JBVMYF/TfllCv3/V4mNsv0dV5+U3Kr+lpdoJAM6qvkkEudV5L+w==",
      "dev": true,
      "requires": {
        "@browser-bunyan/console-formatted-stream": "^1.5.3",
        "@browser-bunyan/console-plain-stream": "^1.5.3",
        "@browser-bunyan/console-raw-stream": "^1.5.3",
        "@browser-bunyan/levels": "^1.5.3"
      }
    },
    "buffer-from": {
      "version": "1.1.1",
      "resolved": "https://registry.npmjs.org/buffer-from/-/buffer-from-1.1.1.tgz",
      "integrity": "sha512-MQcXEUbCKtEo7bhqEs6560Hyd4XaovZlO/k9V3hjVUF/zwW7KBVdSK4gIt/bzwS9MbR5qob+F5jusZsb0YQK2A==",
      "dev": true
    },
    "csv-string": {
      "version": "3.1.7",
      "resolved": "https://registry.npmjs.org/csv-string/-/csv-string-3.1.7.tgz",
      "integrity": "sha512-36J9ILEVYQ/z7BbnPMW2MqfxA6TF84Xye4hcSTH/dXin5Uuh2ouSqBk5A//75Y+Bv3z7APjK0BINNmxVN1mXpA=="
    },
    "eventemitter3": {
      "version": "4.0.0",
      "resolved": "https://registry.npmjs.org/eventemitter3/-/eventemitter3-4.0.0.tgz",
      "integrity": "sha512-qerSRB0p+UDEssxTtm6EDKcE7W4OaoisfIMl4CngyEhjpYglocpNg6UEqCvemdGhosAsg4sO2dXJOdyBifPGCg=="
    },
    "exeunt": {
      "version": "1.1.1",
      "resolved": "https://registry.npmjs.org/exeunt/-/exeunt-1.1.1.tgz",
      "integrity": "sha1-tAVOBsO6WmxOGcFzRUzDFuoH3nU=",
      "dev": true
    },
    "lodash": {
      "version": "4.17.15",
      "resolved": "https://registry.npmjs.org/lodash/-/lodash-4.17.15.tgz",
      "integrity": "sha512-8xOcRHvCjnocdS5cpwXQXVzmmh5e5+saE2QGoeQmbKmRS6J3VQppPOIt0MnmE+4xlZoumy0GPG0D0MVIQbNA1A==",
      "dev": true
    },
    "qs": {
      "version": "6.9.1",
      "resolved": "https://registry.npmjs.org/qs/-/qs-6.9.1.tgz",
      "integrity": "sha512-Cxm7/SS/y/Z3MHWSxXb8lIFqgqBowP5JMlTUFyJN88y0SGQhVmZnqFK/PeuMX9LzUyWsqqhNxIyg0jlzq946yA=="
    },
    "source-map": {
      "version": "0.6.1",
      "resolved": "https://registry.npmjs.org/source-map/-/source-map-0.6.1.tgz",
      "integrity": "sha512-UjgapumWlbMhkBgzT7Ykc5YXUT46F0iKu8SGXq0bcwP5dz/h0Plj6enJqjz1Zbq2l5WaqYnrVbwWOWMyF3F47g==",
      "dev": true
    },
    "source-map-support": {
      "version": "0.5.16",
      "resolved": "https://registry.npmjs.org/source-map-support/-/source-map-support-0.5.16.tgz",
      "integrity": "sha512-efyLRJDr68D9hBBNIPWFjhpFzURh+KJykQwvMyW5UiZzYwoF6l4YMMDIJJEyFWxWCqfyxLzz6tSfUFR+kXXsVQ==",
      "dev": true,
      "requires": {
        "buffer-from": "^1.0.0",
        "source-map": "^0.6.0"
      }
    }
  }
}
