{
  "name": "@lskjs/bots-provider",
  "version": "2.3.0-beta.4",
  "lockfileVersion": 2,
  "requires": true,
  "packages": {
    "": {
      "name": "@lskjs/bots-provider",
      "version": "2.3.0-beta.4",
      "license": "MIT",
      "dependencies": {
        "@lskjs/bots-base": "2.3.0-beta.4",
        "@lskjs/module": "2.3.0-beta.4",
        "@lskjs/utils": "2.3.0-beta.4"
      },
      "peerDependencies": {
        "lodash": "4.17.20"
      }
    },
    "node_modules/@lskjs/bots-base": {
      "version": "2.3.0-beta.4",
      "resolved": "https://registry.npmjs.org/@lskjs/bots-base/-/bots-base-2.3.0-beta.4.tgz",
      "integrity": "sha512-/wUmzHFluR91gPiZTcDCcGHxRBUwDMyvyAeMrdhO4ZLVGWmoefNxmz6paRGj1aksmNaFMPY5Yz4AvAZgQGtMlw==",
      "dependencies": {
        "@lskjs/module": "2.3.0-beta.4",
        "@lskjs/utils": "2.3.0-beta.4"
      },
      "peerDependencies": {
        "lodash": "4.17.20",
        "telegraf": "4.1.0"
      }
    },
    "node_modules/@lskjs/debug-level": {
      "version": "0.3.2",
      "resolved": "https://registry.npmjs.org/@lskjs/debug-level/-/debug-level-0.3.2.tgz",
      "integrity": "sha512-VHPhtJ9do45MGE93DxEsPdCgPUQAAAdicgytkzG8UMCXIgq5nIKY7JNzDunqbOw2sH7yaJfzF1sYwfb745zWCQ==",
      "dependencies": {
        "asyncc": "^2.0.4",
        "chalk": "^4.1.0",
        "json-stringify-safe": "^5.0.1",
        "map-lru": "^1.1.0",
        "ms": "^2.1.2"
      },
      "engines": {
        "node": ">=4"
      }
    },
    "node_modules/@lskjs/log2": {
      "version": "2.3.0-beta.4",
      "resolved": "https://registry.npmjs.org/@lskjs/log2/-/log2-2.3.0-beta.4.tgz",
      "integrity": "sha512-V23278h4i7lBVIfBfOEKGhhxN+YbZx8atCiqpGZqqedZ97XFBpjPJa+fO960jc4+fXXAi9iyVmsjaAeYEBi/QA==",
      "dependencies": {
        "@lskjs/debug-level": "0.3.2",
        "colors": "1.4.0"
      },
      "bin": {
        "lsklog": "bin/lsklog.js"
      }
    },
    "node_modules/@lskjs/module": {
      "version": "2.3.0-beta.4",
      "resolved": "https://registry.npmjs.org/@lskjs/module/-/module-2.3.0-beta.4.tgz",
      "integrity": "sha512-tsZxPJayVJ2Z1RQgQht8T0Pvyg+WJ2J3N7S2kR0DTL4LQweJCW+nfp/00QxqRLZw1MxZ5U46f1iQzvj/x4Wm6w==",
      "license": "MIT",
      "dependencies": {
        "@lskjs/log2": "2.3.0-beta.4",
        "@lskjs/utils": "2.2.1-beta.2",
        "colors": "^1.4.0",
        "eventemitter3": "4.0.7"
      },
      "peerDependencies": {
        "@types/lodash": "*",
        "bluebird": "*",
        "lodash": "4.17.20"
      }
    },
    "node_modules/@lskjs/module/node_modules/@lskjs/utils": {
      "version": "2.2.1-beta.2",
      "resolved": "https://registry.npmjs.org/@lskjs/utils/-/utils-2.2.1-beta.2.tgz",
      "integrity": "sha512-MMZiaTUqdn2CX6AiTmbZ4JhOKqpMySspe3XJJemjklJCkn618HrtvMrhvwX4XYB4URwlU7U/x60CBauXsaEyPw=="
    },
    "node_modules/@lskjs/utils": {
      "version": "2.3.0-beta.4",
      "resolved": "https://registry.npmjs.org/@lskjs/utils/-/utils-2.3.0-beta.4.tgz",
      "integrity": "sha512-Gidz5cBkfNtsiG5KCG8bkzjil9caJSP3TCpRTszZV3WofclnPthIhwzG9wuz6PjuFQghHJwqIO5m+WTqinZfjg=="
    },
    "node_modules/ansi-styles": {
      "version": "4.3.0",
      "resolved": "https://registry.npmjs.org/ansi-styles/-/ansi-styles-4.3.0.tgz",
      "integrity": "sha512-zbB9rCJAT1rbjiVDb2hqKFHNYLxgtk8NURxZ3IZwD3F6NtxbXZQCnnSi1Lkx+IDohdPlFp222wVALIheZJQSEg==",
      "dependencies": {
        "color-convert": "^2.0.1"
      },
      "engines": {
        "node": ">=8"
      },
      "funding": {
        "url": "https://github.com/chalk/ansi-styles?sponsor=1"
      }
    },
    "node_modules/asyncc": {
      "version": "2.0.4",
      "resolved": "https://registry.npmjs.org/asyncc/-/asyncc-2.0.4.tgz",
      "integrity": "sha512-5ohHLrRC6ZJ7ypVlJh3XJlINBdErz7VeQnNNLXq2T9hVsph58x49oykgg+KNbpnOiMF0X2vDmR2i2LVtWBL7Mw==",
      "engines": {
        "node": ">=6.0.0"
      }
    },
    "node_modules/chalk": {
      "version": "4.1.0",
      "resolved": "https://registry.npmjs.org/chalk/-/chalk-4.1.0.tgz",
      "integrity": "sha512-qwx12AxXe2Q5xQ43Ac//I6v5aXTipYrSESdOgzrN+9XjgEpyjpKuvSGaN4qE93f7TQTlerQQ8S+EQ0EyDoVL1A==",
      "dependencies": {
        "ansi-styles": "^4.1.0",
        "supports-color": "^7.1.0"
      },
      "engines": {
        "node": ">=10"
      },
      "funding": {
        "url": "https://github.com/chalk/chalk?sponsor=1"
      }
    },
    "node_modules/color-convert": {
      "version": "2.0.1",
      "resolved": "https://registry.npmjs.org/color-convert/-/color-convert-2.0.1.tgz",
      "integrity": "sha512-RRECPsj7iu/xb5oKYcsFHSppFNnsj/52OVTRKb4zP5onXwVF3zVmmToNcOfGC+CRDpfK/U584fMg38ZHCaElKQ==",
      "dependencies": {
        "color-name": "~1.1.4"
      },
      "engines": {
        "node": ">=7.0.0"
      }
    },
    "node_modules/color-name": {
      "version": "1.1.4",
      "resolved": "https://registry.npmjs.org/color-name/-/color-name-1.1.4.tgz",
      "integrity": "sha512-dOy+3AuW3a2wNbZHIuMZpTcgjGuLU/uBL/ubcZF9OXbDo8ff4O8yVp5Bf0efS8uEoYo5q4Fx7dY9OgQGXgAsQA=="
    },
    "node_modules/colors": {
      "version": "1.4.0",
      "resolved": "https://registry.npmjs.org/colors/-/colors-1.4.0.tgz",
      "integrity": "sha512-a+UqTh4kgZg/SlGvfbzDHpgRu7AAQOmmqRHJnxhRZICKFUT91brVhNNt58CMWU9PsBbv3PDCZUHbVxuDiH2mtA==",
      "engines": {
        "node": ">=0.1.90"
      }
    },
    "node_modules/eventemitter3": {
      "version": "4.0.7",
      "resolved": "https://registry.npmjs.org/eventemitter3/-/eventemitter3-4.0.7.tgz",
      "integrity": "sha512-8guHBZCwKnFhYdHr2ysuRWErTwhoN2X8XELRlrRwpmfeY2jjuUN4taQMsULKUVo1K4DvZl+0pgfyoysHxvmvEw=="
    },
    "node_modules/has-flag": {
      "version": "4.0.0",
      "resolved": "https://registry.npmjs.org/has-flag/-/has-flag-4.0.0.tgz",
      "integrity": "sha512-EykJT/Q1KjTWctppgIAgfSO0tKVuZUjhgMr17kqTumMl6Afv3EISleU7qZUzoXDFTAHTDC4NOoG/ZxU3EvlMPQ==",
      "engines": {
        "node": ">=8"
      }
    },
    "node_modules/json-stringify-safe": {
      "version": "5.0.1",
      "resolved": "https://registry.npmjs.org/json-stringify-safe/-/json-stringify-safe-5.0.1.tgz",
      "integrity": "sha1-Epai1Y/UXxmg9s4B1lcB4sc1tus="
    },
    "node_modules/map-lru": {
      "version": "1.1.0",
      "resolved": "https://registry.npmjs.org/map-lru/-/map-lru-1.1.0.tgz",
      "integrity": "sha512-vbnDZvYRfQQKfzxgCgZkcbdx5ooWoY9EnlmIdEJHAguHsl6GiGblzbRLkdQS1kyhA1CPjZvWqMNil/sG3gdt2Q==",
      "engines": {
        "node": ">=4"
      }
    },
    "node_modules/ms": {
      "version": "2.1.2",
      "resolved": "https://registry.npmjs.org/ms/-/ms-2.1.2.tgz",
      "integrity": "sha512-sGkPx+VjMtmA6MX27oA4FBFELFCZZ4S4XqeGOXCv68tT+jb3vk/RyaKWP0PTKyWtmLSM0b+adUTEvbs1PEaH2w=="
    },
    "node_modules/supports-color": {
      "version": "7.2.0",
      "resolved": "https://registry.npmjs.org/supports-color/-/supports-color-7.2.0.tgz",
      "integrity": "sha512-qpCAvRl9stuOHveKsn7HncJRvv501qIacKzQlO/+Lwxc9+0q2wLyv4Dfvt80/DPn2pqOBsJdDiogXGR9+OvwRw==",
      "dependencies": {
        "has-flag": "^4.0.0"
      },
      "engines": {
        "node": ">=8"
      }
    }
  },
  "dependencies": {
    "@lskjs/bots-base": {
      "version": "2.3.0-beta.4",
      "resolved": "https://registry.npmjs.org/@lskjs/bots-base/-/bots-base-2.3.0-beta.4.tgz",
      "integrity": "sha512-/wUmzHFluR91gPiZTcDCcGHxRBUwDMyvyAeMrdhO4ZLVGWmoefNxmz6paRGj1aksmNaFMPY5Yz4AvAZgQGtMlw==",
      "requires": {
        "@lskjs/module": "2.3.0-beta.4",
        "@lskjs/utils": "2.3.0-beta.4"
      }
    },
    "@lskjs/debug-level": {
      "version": "0.3.2",
      "resolved": "https://registry.npmjs.org/@lskjs/debug-level/-/debug-level-0.3.2.tgz",
      "integrity": "sha512-VHPhtJ9do45MGE93DxEsPdCgPUQAAAdicgytkzG8UMCXIgq5nIKY7JNzDunqbOw2sH7yaJfzF1sYwfb745zWCQ==",
      "requires": {
        "asyncc": "^2.0.4",
        "chalk": "^4.1.0",
        "json-stringify-safe": "^5.0.1",
        "map-lru": "^1.1.0",
        "ms": "^2.1.2"
      }
    },
    "@lskjs/log2": {
      "version": "2.3.0-beta.4",
      "resolved": "https://registry.npmjs.org/@lskjs/log2/-/log2-2.3.0-beta.4.tgz",
      "integrity": "sha512-V23278h4i7lBVIfBfOEKGhhxN+YbZx8atCiqpGZqqedZ97XFBpjPJa+fO960jc4+fXXAi9iyVmsjaAeYEBi/QA==",
      "requires": {
        "@lskjs/debug-level": "0.3.2",
        "colors": "1.4.0"
      }
    },
    "@lskjs/module": {
      "version": "2.3.0-beta.4",
      "resolved": "https://registry.npmjs.org/@lskjs/module/-/module-2.3.0-beta.4.tgz",
      "integrity": "sha512-tsZxPJayVJ2Z1RQgQht8T0Pvyg+WJ2J3N7S2kR0DTL4LQweJCW+nfp/00QxqRLZw1MxZ5U46f1iQzvj/x4Wm6w==",
      "requires": {
        "@lskjs/log2": "2.3.0-beta.4",
        "@lskjs/utils": "2.2.1-beta.2",
        "colors": "^1.4.0",
        "eventemitter3": "4.0.7"
      },
      "dependencies": {
        "@lskjs/utils": {
          "version": "2.2.1-beta.2",
          "resolved": "https://registry.npmjs.org/@lskjs/utils/-/utils-2.2.1-beta.2.tgz",
          "integrity": "sha512-MMZiaTUqdn2CX6AiTmbZ4JhOKqpMySspe3XJJemjklJCkn618HrtvMrhvwX4XYB4URwlU7U/x60CBauXsaEyPw=="
        }
      }
    },
    "@lskjs/utils": {
      "version": "2.3.0-beta.4",
      "resolved": "https://registry.npmjs.org/@lskjs/utils/-/utils-2.3.0-beta.4.tgz",
      "integrity": "sha512-Gidz5cBkfNtsiG5KCG8bkzjil9caJSP3TCpRTszZV3WofclnPthIhwzG9wuz6PjuFQghHJwqIO5m+WTqinZfjg=="
    },
    "ansi-styles": {
      "version": "4.3.0",
      "resolved": "https://registry.npmjs.org/ansi-styles/-/ansi-styles-4.3.0.tgz",
      "integrity": "sha512-zbB9rCJAT1rbjiVDb2hqKFHNYLxgtk8NURxZ3IZwD3F6NtxbXZQCnnSi1Lkx+IDohdPlFp222wVALIheZJQSEg==",
      "requires": {
        "color-convert": "^2.0.1"
      }
    },
    "asyncc": {
      "version": "2.0.4",
      "resolved": "https://registry.npmjs.org/asyncc/-/asyncc-2.0.4.tgz",
      "integrity": "sha512-5ohHLrRC6ZJ7ypVlJh3XJlINBdErz7VeQnNNLXq2T9hVsph58x49oykgg+KNbpnOiMF0X2vDmR2i2LVtWBL7Mw=="
    },
    "chalk": {
      "version": "4.1.0",
      "resolved": "https://registry.npmjs.org/chalk/-/chalk-4.1.0.tgz",
      "integrity": "sha512-qwx12AxXe2Q5xQ43Ac//I6v5aXTipYrSESdOgzrN+9XjgEpyjpKuvSGaN4qE93f7TQTlerQQ8S+EQ0EyDoVL1A==",
      "requires": {
        "ansi-styles": "^4.1.0",
        "supports-color": "^7.1.0"
      }
    },
    "color-convert": {
      "version": "2.0.1",
      "resolved": "https://registry.npmjs.org/color-convert/-/color-convert-2.0.1.tgz",
      "integrity": "sha512-RRECPsj7iu/xb5oKYcsFHSppFNnsj/52OVTRKb4zP5onXwVF3zVmmToNcOfGC+CRDpfK/U584fMg38ZHCaElKQ==",
      "requires": {
        "color-name": "~1.1.4"
      }
    },
    "color-name": {
      "version": "1.1.4",
      "resolved": "https://registry.npmjs.org/color-name/-/color-name-1.1.4.tgz",
      "integrity": "sha512-dOy+3AuW3a2wNbZHIuMZpTcgjGuLU/uBL/ubcZF9OXbDo8ff4O8yVp5Bf0efS8uEoYo5q4Fx7dY9OgQGXgAsQA=="
    },
    "colors": {
      "version": "1.4.0",
      "resolved": "https://registry.npmjs.org/colors/-/colors-1.4.0.tgz",
      "integrity": "sha512-a+UqTh4kgZg/SlGvfbzDHpgRu7AAQOmmqRHJnxhRZICKFUT91brVhNNt58CMWU9PsBbv3PDCZUHbVxuDiH2mtA=="
    },
    "eventemitter3": {
      "version": "4.0.7",
      "resolved": "https://registry.npmjs.org/eventemitter3/-/eventemitter3-4.0.7.tgz",
      "integrity": "sha512-8guHBZCwKnFhYdHr2ysuRWErTwhoN2X8XELRlrRwpmfeY2jjuUN4taQMsULKUVo1K4DvZl+0pgfyoysHxvmvEw=="
    },
    "has-flag": {
      "version": "4.0.0",
      "resolved": "https://registry.npmjs.org/has-flag/-/has-flag-4.0.0.tgz",
      "integrity": "sha512-EykJT/Q1KjTWctppgIAgfSO0tKVuZUjhgMr17kqTumMl6Afv3EISleU7qZUzoXDFTAHTDC4NOoG/ZxU3EvlMPQ=="
    },
    "json-stringify-safe": {
      "version": "5.0.1",
      "resolved": "https://registry.npmjs.org/json-stringify-safe/-/json-stringify-safe-5.0.1.tgz",
      "integrity": "sha1-Epai1Y/UXxmg9s4B1lcB4sc1tus="
    },
    "map-lru": {
      "version": "1.1.0",
      "resolved": "https://registry.npmjs.org/map-lru/-/map-lru-1.1.0.tgz",
      "integrity": "sha512-vbnDZvYRfQQKfzxgCgZkcbdx5ooWoY9EnlmIdEJHAguHsl6GiGblzbRLkdQS1kyhA1CPjZvWqMNil/sG3gdt2Q=="
    },
    "ms": {
      "version": "2.1.2",
      "resolved": "https://registry.npmjs.org/ms/-/ms-2.1.2.tgz",
      "integrity": "sha512-sGkPx+VjMtmA6MX27oA4FBFELFCZZ4S4XqeGOXCv68tT+jb3vk/RyaKWP0PTKyWtmLSM0b+adUTEvbs1PEaH2w=="
    },
    "supports-color": {
      "version": "7.2.0",
      "resolved": "https://registry.npmjs.org/supports-color/-/supports-color-7.2.0.tgz",
      "integrity": "sha512-qpCAvRl9stuOHveKsn7HncJRvv501qIacKzQlO/+Lwxc9+0q2wLyv4Dfvt80/DPn2pqOBsJdDiogXGR9+OvwRw==",
      "requires": {
        "has-flag": "^4.0.0"
      }
    }
  }
}
