{
  "name": "@lskjs/grant",
  "version": "1.5.0",
  "lockfileVersion": 1,
  "requires": true,
  "dependencies": {
    "@babel/runtime": {
      "version": "7.8.4",
      "resolved": "https://registry.npmjs.org/@babel/runtime/-/runtime-7.8.4.tgz",
      "integrity": "sha512-neAp3zt80trRVBI1x0azq6c57aNBqYZH8KhMm3TaB7wEI5Q4A2SHfBHE8w9gOhI/lrqxtEbXZgQIrHP+wvSGwQ==",
      "requires": {
        "regenerator-runtime": "^0.13.2"
      }
    },
    "@lskjs/autobind": {
      "version": "1.0.47",
      "resolved": "https://registry.npmjs.org/@lskjs/autobind/-/autobind-1.0.47.tgz",
      "integrity": "sha512-cnAxvFpn4fws0snBnzU60j4b5a6p6TLo2mqfKcGVGoOUH6uksKEpg/jdb6ufj3NlvMSQMTMcyUx0DCaag2isgw==",
      "dev": true,
      "requires": {
        "autobind-decorator": "2.4.0"
      }
    },
    "@lskjs/module": {
      "version": "1.3.0",
      "resolved": "https://registry.npmjs.org/@lskjs/module/-/module-1.3.0.tgz",
      "integrity": "sha512-cpcEYbSONex3p0Tx4WaXwbrFDeJaZl0WhW5cEH/i5qaTTBb+L3sytWoS5FazYRsdFT6bo5/s4Ro3ujeFFxkvsw==",
      "dev": true,
      "requires": {
        "@lskjs/utils": "1.3.0",
        "eventemitter3": "4.0.0"
      }
    },
    "@lskjs/server-api": {
      "version": "1.3.0",
      "resolved": "https://registry.npmjs.org/@lskjs/server-api/-/server-api-1.3.0.tgz",
      "integrity": "sha512-vuZaY09Zc8h9tFYtP9v7uJyAhMLdjoMlQeXrSzV/KYuiOFEouxTECxXDlJNaLvUL4vSgEtFJATNsiVsFLnlVNQ==",
      "dev": true,
      "requires": {
        "@lskjs/autobind": "^1.0.47",
        "@lskjs/utils": "1.3.0",
        "cacheman": "2.2.1",
        "object-hash": "2.0.2"
      }
    },
    "@lskjs/utils": {
      "version": "1.3.0",
      "resolved": "https://registry.npmjs.org/@lskjs/utils/-/utils-1.3.0.tgz",
      "integrity": "sha512-CgwWEt5672c/5DzpuB16WaOtXXY8DmNiw7myDBfNjnS8ofpY24/W4EgktAmD0A467R4RPxhnAQH4qBlY5ysXQQ==",
      "dev": true,
      "requires": {
        "@lskjs/autobind": "1.0.47",
        "csv-string": "3.1.7",
        "qs": "6.9.1"
      }
    },
    "autobind-decorator": {
      "version": "2.4.0",
      "resolved": "https://registry.npmjs.org/autobind-decorator/-/autobind-decorator-2.4.0.tgz",
      "integrity": "sha512-OGYhWUO72V6DafbF8PM8rm3EPbfuyMZcJhtm5/n26IDwO18pohE4eNazLoCGhPiXOCD0gEGmrbU3849QvM8bbw==",
      "dev": true
    },
    "cacheman": {
      "version": "2.2.1",
      "resolved": "https://registry.npmjs.org/cacheman/-/cacheman-2.2.1.tgz",
      "integrity": "sha1-NRDA3vEkKdYbeAEo/xj50oS7Arg=",
      "dev": true,
      "requires": {
        "cacheman-memory": "^1.0.2",
        "ms": "^0.7.1"
      }
    },
    "cacheman-memory": {
      "version": "1.1.0",
      "resolved": "https://registry.npmjs.org/cacheman-memory/-/cacheman-memory-1.1.0.tgz",
      "integrity": "sha512-jZ/Sg/LdgkN+T3G0BV3ekYzCAswKwZRBOvOmZ/VYwdhSTtMz6irMOt1JppBGZ7zVdjcBeku9tfOzb49KbXIT2w==",
      "dev": true,
      "requires": {
        "lru-cache": "~4.1.x"
      }
    },
    "csv-string": {
      "version": "3.1.7",
      "resolved": "https://registry.npmjs.org/csv-string/-/csv-string-3.1.7.tgz",
      "integrity": "sha512-36J9ILEVYQ/z7BbnPMW2MqfxA6TF84Xye4hcSTH/dXin5Uuh2ouSqBk5A//75Y+Bv3z7APjK0BINNmxVN1mXpA==",
      "dev": true
    },
    "eventemitter3": {
      "version": "4.0.0",
      "resolved": "https://registry.npmjs.org/eventemitter3/-/eventemitter3-4.0.0.tgz",
      "integrity": "sha512-qerSRB0p+UDEssxTtm6EDKcE7W4OaoisfIMl4CngyEhjpYglocpNg6UEqCvemdGhosAsg4sO2dXJOdyBifPGCg==",
      "dev": true
    },
    "lodash": {
      "version": "4.17.15",
      "resolved": "https://registry.npmjs.org/lodash/-/lodash-4.17.15.tgz",
      "integrity": "sha512-8xOcRHvCjnocdS5cpwXQXVzmmh5e5+saE2QGoeQmbKmRS6J3VQppPOIt0MnmE+4xlZoumy0GPG0D0MVIQbNA1A==",
      "dev": true
    },
    "lru-cache": {
      "version": "4.1.5",
      "resolved": "https://registry.npmjs.org/lru-cache/-/lru-cache-4.1.5.tgz",
      "integrity": "sha512-sWZlbEP2OsHNkXrMl5GYk/jKk70MBng6UU4YI/qGDYbgf6YbP4EvmqISbXCoJiRKs+1bSpFHVgQxvJ17F2li5g==",
      "dev": true,
      "requires": {
        "pseudomap": "^1.0.2",
        "yallist": "^2.1.2"
      }
    },
    "ms": {
      "version": "0.7.3",
      "resolved": "https://registry.npmjs.org/ms/-/ms-0.7.3.tgz",
      "integrity": "sha1-cIFVpeROM/X9D8U+gdDUCpG+H/8=",
      "dev": true
    },
    "object-hash": {
      "version": "2.0.2",
      "resolved": "https://registry.npmjs.org/object-hash/-/object-hash-2.0.2.tgz",
      "integrity": "sha512-b+2AKjAf6uQlxxv8ChHdM+VT4eeX+ZSwv+pk2xIXZWbo+yxn4/En1iC+GHe/OFYa9on0AhFF2PvuAcFHoiiHaA==",
      "dev": true
    },
    "pseudomap": {
      "version": "1.0.2",
      "resolved": "https://registry.npmjs.org/pseudomap/-/pseudomap-1.0.2.tgz",
      "integrity": "sha1-8FKijacOYYkX7wqKw0wa5aaChrM=",
      "dev": true
    },
    "qs": {
      "version": "6.9.1",
      "resolved": "https://registry.npmjs.org/qs/-/qs-6.9.1.tgz",
      "integrity": "sha512-Cxm7/SS/y/Z3MHWSxXb8lIFqgqBowP5JMlTUFyJN88y0SGQhVmZnqFK/PeuMX9LzUyWsqqhNxIyg0jlzq946yA==",
      "dev": true
    },
    "regenerator-runtime": {
      "version": "0.13.3",
      "resolved": "https://registry.npmjs.org/regenerator-runtime/-/regenerator-runtime-0.13.3.tgz",
      "integrity": "sha512-naKIZz2GQ8JWh///G7L3X6LaQUAMp2lvb1rvwwsURe/VXwD6VMfr+/1NuNw3ag8v2kY1aQ/go5SNn79O9JU7yw=="
    },
    "yallist": {
      "version": "2.1.2",
      "resolved": "https://registry.npmjs.org/yallist/-/yallist-2.1.2.tgz",
      "integrity": "sha1-HBH5IY8HYImkfdUS+TxmmaaoHVI=",
      "dev": true
    }
  }
}
