{
  "name": "@lskjs/sh",
  "version": "2.26.0",
  "lockfileVersion": 2,
  "requires": true,
  "packages": {
    "": {
      "name": "@lskjs/sh",
      "version": "2.26.0",
      "license": "MIT",
      "dependencies": {
        "@lskjs/utils": "2.26.0"
      }
    },
    "node_modules/@lskjs/utils": {
      "version": "2.26.0",
      "resolved": "https://registry.npmjs.org/@lskjs/utils/-/utils-2.26.0.tgz",
      "integrity": "sha512-oAMEfChn+wbUNq6Kz5+8ioFIl0OBxyKy6cpUafKcisxy5bAxTxfBemWLWlWiAfDqiSY1DDDHc2RZiORh2XMM6g=="
    }
  },
  "dependencies": {
    "@lskjs/utils": {
      "version": "2.26.0",
      "resolved": "https://registry.npmjs.org/@lskjs/utils/-/utils-2.26.0.tgz",
      "integrity": "sha512-oAMEfChn+wbUNq6Kz5+8ioFIl0OBxyKy6cpUafKcisxy5bAxTxfBemWLWlWiAfDqiSY1DDDHc2RZiORh2XMM6g=="
    }
  }
}
