{
  "name": "@lskjs/sh",
  "version": "2.2.0-beta.26",
  "lockfileVersion": 2,
  "requires": true,
  "packages": {
    "": {
      "name": "@lskjs/sh",
      "version": "2.2.0-beta.25",
      "license": "MIT",
      "dependencies": {
        "@lskjs/utils": "2.2.0-beta.25"
      }
    },
    "node_modules/@lskjs/utils": {
      "version": "2.2.0-beta.25",
      "resolved": "https://registry.npmjs.org/@lskjs/utils/-/utils-2.2.0-beta.25.tgz",
      "integrity": "sha512-VXvaECGCbsUOjEQoBKgvFf0L2x7Zp4ojKq4Ym6B89WxVN7JTj1zxH7RL1PT2ayqIbUzDaGo9mMu7fVE77HJy2g=="
    }
  },
  "dependencies": {
    "@lskjs/utils": {
      "version": "2.2.0-beta.25",
      "resolved": "https://registry.npmjs.org/@lskjs/utils/-/utils-2.2.0-beta.25.tgz",
      "integrity": "sha512-VXvaECGCbsUOjEQoBKgvFf0L2x7Zp4ojKq4Ym6B89WxVN7JTj1zxH7RL1PT2ayqIbUzDaGo9mMu7fVE77HJy2g=="
    }
  }
}
