{
  "name": "@lskjs/sh",
  "version": "1.61.1",
  "lockfileVersion": 1,
  "requires": true,
  "dependencies": {
    "@lskjs/autobind": {
      "version": "1.43.0",
      "resolved": "https://registry.npmjs.org/@lskjs/autobind/-/autobind-1.43.0.tgz",
      "integrity": "sha512-u3eE4z6R29LkboSpbOUJy5wM1C51E4Ej/iLRp4vH1txw2ozyqgmQrSCt1Eyje4BNlwj5g7/Dx//Yi7MDKI0F+w==",
      "requires": {
        "autobind-decorator": "2.4.0"
      }
    },
    "@lskjs/utils": {
      "version": "1.55.0",
      "resolved": "https://registry.npmjs.org/@lskjs/utils/-/utils-1.55.0.tgz",
      "integrity": "sha512-If1z0dupn9o9BYkpoU2pcmcDDmzp6Jwuqezmqhck3ERyavcZXCs/M7TdKfwpRkscSu4Fkn2MaksBHbOR7u8itA==",
      "requires": {
        "@lskjs/autobind": "1.43.0",
        "csv-string": "3.1.7",
        "lodash": "4.17.19",
        "qs": "6.9.1"
      }
    },
    "autobind-decorator": {
      "version": "2.4.0",
      "resolved": "https://registry.npmjs.org/autobind-decorator/-/autobind-decorator-2.4.0.tgz",
      "integrity": "sha512-OGYhWUO72V6DafbF8PM8rm3EPbfuyMZcJhtm5/n26IDwO18pohE4eNazLoCGhPiXOCD0gEGmrbU3849QvM8bbw=="
    },
    "csv-string": {
      "version": "3.1.7",
      "resolved": "https://registry.npmjs.org/csv-string/-/csv-string-3.1.7.tgz",
      "integrity": "sha512-36J9ILEVYQ/z7BbnPMW2MqfxA6TF84Xye4hcSTH/dXin5Uuh2ouSqBk5A//75Y+Bv3z7APjK0BINNmxVN1mXpA=="
    },
    "lodash": {
      "version": "4.17.19",
      "resolved": "https://registry.npmjs.org/lodash/-/lodash-4.17.19.tgz",
      "integrity": "sha512-JNvd8XER9GQX0v2qJgsaN/mzFCNA5BRe/j8JN9d+tWyGLSodKQHKFicdwNYzWwI3wjRnaKPsGj1XkBjx/F96DQ==",
      "optional": true
    },
    "qs": {
      "version": "6.9.1",
      "resolved": "https://registry.npmjs.org/qs/-/qs-6.9.1.tgz",
      "integrity": "sha512-Cxm7/SS/y/Z3MHWSxXb8lIFqgqBowP5JMlTUFyJN88y0SGQhVmZnqFK/PeuMX9LzUyWsqqhNxIyg0jlzq946yA=="
    }
  }
}
