{
  "name": "@lskjs/worker",
  "version": "1.98.0",
  "lockfileVersion": 1,
  "requires": true,
  "dependencies": {
    "@browser-bunyan/console-formatted-stream": {
      "version": "1.6.2",
      "resolved": "https://registry.npmjs.org/@browser-bunyan/console-formatted-stream/-/console-formatted-stream-1.6.2.tgz",
      "integrity": "sha512-RFY4VG5+ewPG5A4LC3uN4AC8MIXEjlUJ568VlXhdMDfV9/LUrUX1LUbf0UmFQ3OhI2jqbeC31XwP0gBIrwbXpw==",
      "dev": true,
      "requires": {
        "@browser-bunyan/levels": "^1.6.0"
      },
      "dependencies": {
        "@browser-bunyan/levels": {
          "version": "1.6.0",
          "resolved": "https://registry.npmjs.org/@browser-bunyan/levels/-/levels-1.6.0.tgz",
          "integrity": "sha512-wte6nXXZH62Y/RGysYRlOkKxuJn+4S8xEamMF0fDncxxy0SriCHYwGPyWGF0FWYWmRzbZuEkp7dNebBf9Xfeeg==",
          "dev": true
        }
      }
    },
    "@browser-bunyan/console-plain-stream": {
      "version": "1.6.0",
      "resolved": "https://registry.npmjs.org/@browser-bunyan/console-plain-stream/-/console-plain-stream-1.6.0.tgz",
      "integrity": "sha512-92j8/Lk7yD6F4JKygWd7g9++QoNiEIj1MAP5zMGVk0g1ssPs3vqK1F+HgWfzYaHccREJ6S553imX9Ll5OAn2nA==",
      "dev": true,
      "requires": {
        "@browser-bunyan/levels": "^1.6.0"
      },
      "dependencies": {
        "@browser-bunyan/levels": {
          "version": "1.6.0",
          "resolved": "https://registry.npmjs.org/@browser-bunyan/levels/-/levels-1.6.0.tgz",
          "integrity": "sha512-wte6nXXZH62Y/RGysYRlOkKxuJn+4S8xEamMF0fDncxxy0SriCHYwGPyWGF0FWYWmRzbZuEkp7dNebBf9Xfeeg==",
          "dev": true
        }
      }
    },
    "@browser-bunyan/console-raw-stream": {
      "version": "1.6.0",
      "resolved": "https://registry.npmjs.org/@browser-bunyan/console-raw-stream/-/console-raw-stream-1.6.0.tgz",
      "integrity": "sha512-OqPe4uy/rGOL8ZRiq3iwGM/YIGWKd2ne+8cxWSsMbcLL5hr66IOhzr3nwhyRsSo58JbWDC3K/IaJDyoOTcwrdA==",
      "dev": true,
      "requires": {
        "@browser-bunyan/levels": "^1.6.0"
      },
      "dependencies": {
        "@browser-bunyan/levels": {
          "version": "1.6.0",
          "resolved": "https://registry.npmjs.org/@browser-bunyan/levels/-/levels-1.6.0.tgz",
          "integrity": "sha512-wte6nXXZH62Y/RGysYRlOkKxuJn+4S8xEamMF0fDncxxy0SriCHYwGPyWGF0FWYWmRzbZuEkp7dNebBf9Xfeeg==",
          "dev": true
        }
      }
    },
    "@browser-bunyan/levels": {
      "version": "1.5.3",
      "resolved": "https://registry.npmjs.org/@browser-bunyan/levels/-/levels-1.5.3.tgz",
      "integrity": "sha512-mwIpHU0lfQmTcjLajB0LVe3DZaWxxv3eBY2meAjKS7bvimji3ysHZqjmCxD1z4cJJNVjjmKY1KLGVbCC3XETxQ==",
      "dev": true
    },
    "@lskjs/autobind": {
      "version": "1.77.3",
      "resolved": "https://registry.npmjs.org/@lskjs/autobind/-/autobind-1.77.3.tgz",
      "integrity": "sha512-+R24Okej6zJZBq8I6CV2ZgJXK7rikTua/RlvIH0jYDEcv1+UlfYDQ+VrRq1vdtXePgLWb6YhFbB+1fRNndhcNQ==",
      "dev": true,
      "requires": {
        "autobind-decorator": "2.4.0"
      }
    },
    "@lskjs/bunyan": {
      "version": "1.89.2",
      "resolved": "https://registry.npmjs.org/@lskjs/bunyan/-/bunyan-1.89.2.tgz",
      "integrity": "sha512-zvv/iJcvl5o/KTdyxfPunf/io6Mw2+uRkXbyQ48W1Nklo7t13lo0cgwtL3QY1UGG8sjU1XVIE+h1aWiMi/Qs4Q==",
      "dev": true,
      "requires": {
        "exeunt": "1.1.1"
      }
    },
    "@lskjs/db": {
      "version": "1.89.2",
      "resolved": "https://registry.npmjs.org/@lskjs/db/-/db-1.89.2.tgz",
      "integrity": "sha512-XDV38bd2Xt2Z3NhBLAb1/BDzxmjkmM1TERG0PSRoMlNhh9+vysjXDrrQv/ru7NNksaMXJmVIp2sEY94S5H6lGQ==",
      "dev": true,
      "requires": {
        "mongoose": "5.8.12"
      }
    },
    "@lskjs/debug-level": {
      "version": "0.3.2",
      "resolved": "https://registry.npmjs.org/@lskjs/debug-level/-/debug-level-0.3.2.tgz",
      "integrity": "sha512-VHPhtJ9do45MGE93DxEsPdCgPUQAAAdicgytkzG8UMCXIgq5nIKY7JNzDunqbOw2sH7yaJfzF1sYwfb745zWCQ==",
      "dev": true,
      "requires": {
        "asyncc": "^2.0.4",
        "chalk": "^4.1.0",
        "json-stringify-safe": "^5.0.1",
        "map-lru": "^1.1.0",
        "ms": "^2.1.2"
      }
    },
    "@lskjs/log": {
      "version": "1.98.0",
      "resolved": "https://registry.npmjs.org/@lskjs/log/-/log-1.98.0.tgz",
      "integrity": "sha512-xBhgx8MYt/TeOTA5NIpD7Vstdjrue+VP1epNbQOmegoUpI9qf9UVaDHRmEszZR65JVc8JP41im/7h0M8pCoA0Q==",
      "dev": true,
      "requires": {
        "@browser-bunyan/levels": "1.5.3",
        "@lskjs/bunyan": "1.89.2",
        "@lskjs/utils": "1.98.0",
        "browser-bunyan": "1.5.3",
        "source-map-support": "0.5.16"
      }
    },
    "@lskjs/log2": {
      "version": "1.77.3",
      "resolved": "https://registry.npmjs.org/@lskjs/log2/-/log2-1.77.3.tgz",
      "integrity": "sha512-WdFy2/THGoWfmzbVHKKOXOaySxlY/hHqTxs3yIlM3Dz5+pFudSR2zfobybWMsVr/ogb8WYrTm44KwR69jHfwCA==",
      "dev": true,
      "requires": {
        "@lskjs/debug-level": "0.3.2",
        "@lskjs/utils": "1.77.3",
        "colors": "1.4.0"
      },
      "dependencies": {
        "@lskjs/utils": {
          "version": "1.77.3",
          "resolved": "https://registry.npmjs.org/@lskjs/utils/-/utils-1.77.3.tgz",
          "integrity": "sha512-ISZReeWCKp+O5N7c3H5GnP8B3gluthUUi6xg3wYUIQe3Ubb4ATBrsT7DTE0NnMkYF45FqublU20UjgHSnJyRXQ==",
          "dev": true,
          "requires": {
            "@lskjs/autobind": "1.77.3",
            "async-mutex": "^0.2.4",
            "bluebird": "3.7.2",
            "csv-string": "3.1.7",
            "lodash": "4.17.19",
            "qs": "6.9.1"
          }
        },
        "bluebird": {
          "version": "3.7.2",
          "resolved": "https://registry.npmjs.org/bluebird/-/bluebird-3.7.2.tgz",
          "integrity": "sha512-XpNj6GDQzdfW+r2Wnn7xiSAd7TM3jzkxGXBGTtWKuSXv1xUV+azxAm8jdWZN06QTQk+2N2XB9jRDkvbmQmcRtg==",
          "dev": true,
          "optional": true
        }
      }
    },
    "@lskjs/module": {
      "version": "1.78.0",
      "resolved": "https://registry.npmjs.org/@lskjs/module/-/module-1.78.0.tgz",
      "integrity": "sha512-WM7tIe+NfojzSRs6Y/y3ht1FF45VLlaOloi9sQmRtKBmNnEjhqw+IzfXWYpgAN5HHo+ZPP+yzDO5DZx2m7pO8A==",
      "dev": true,
      "requires": {
        "@lskjs/log2": "1.77.3",
        "@lskjs/utils": "1.77.3",
        "colors": "^1.4.0",
        "eventemitter3": "4.0.0"
      },
      "dependencies": {
        "@lskjs/utils": {
          "version": "1.77.3",
          "resolved": "https://registry.npmjs.org/@lskjs/utils/-/utils-1.77.3.tgz",
          "integrity": "sha512-ISZReeWCKp+O5N7c3H5GnP8B3gluthUUi6xg3wYUIQe3Ubb4ATBrsT7DTE0NnMkYF45FqublU20UjgHSnJyRXQ==",
          "dev": true,
          "requires": {
            "@lskjs/autobind": "1.77.3",
            "async-mutex": "^0.2.4",
            "bluebird": "3.7.2",
            "csv-string": "3.1.7",
            "lodash": "4.17.19",
            "qs": "6.9.1"
          }
        },
        "bluebird": {
          "version": "3.7.2",
          "resolved": "https://registry.npmjs.org/bluebird/-/bluebird-3.7.2.tgz",
          "integrity": "sha512-XpNj6GDQzdfW+r2Wnn7xiSAd7TM3jzkxGXBGTtWKuSXv1xUV+azxAm8jdWZN06QTQk+2N2XB9jRDkvbmQmcRtg==",
          "dev": true,
          "optional": true
        }
      }
    },
    "@lskjs/utils": {
      "version": "1.98.0",
      "resolved": "https://registry.npmjs.org/@lskjs/utils/-/utils-1.98.0.tgz",
      "integrity": "sha512-unwCJ766HKpDgfrxKUUJ8lkRQ0zjFNJ+QFGWeSqqkM/SDfO4RoGCfk6GT4S40wp2qGernxaWqjrPc3p+9EyO5A==",
      "dev": true,
      "requires": {
        "@lskjs/autobind": "1.89.2",
        "async-mutex": "^0.2.4",
        "bluebird": "3.7.2",
        "csv-string": "3.1.7",
        "lodash": "4.17.19",
        "normalize-unicode-text": "0.0.1",
        "qs": "6.9.1"
      },
      "dependencies": {
        "@lskjs/autobind": {
          "version": "1.89.2",
          "resolved": "https://registry.npmjs.org/@lskjs/autobind/-/autobind-1.89.2.tgz",
          "integrity": "sha512-RZsPEIZvMLjEHGrB5UfaLV4lt8FNvxEN6OL9zUwINE+/M3SFQuTQfRzOWmUdRX39iIko23sl3wb6fUkOCAHAQQ==",
          "dev": true,
          "requires": {
            "autobind-decorator": "2.4.0"
          }
        },
        "bluebird": {
          "version": "3.7.2",
          "resolved": "https://registry.npmjs.org/bluebird/-/bluebird-3.7.2.tgz",
          "integrity": "sha512-XpNj6GDQzdfW+r2Wnn7xiSAd7TM3jzkxGXBGTtWKuSXv1xUV+azxAm8jdWZN06QTQk+2N2XB9jRDkvbmQmcRtg==",
          "dev": true,
          "optional": true
        }
      }
    },
    "ansi-styles": {
      "version": "4.3.0",
      "resolved": "https://registry.npmjs.org/ansi-styles/-/ansi-styles-4.3.0.tgz",
      "integrity": "sha512-zbB9rCJAT1rbjiVDb2hqKFHNYLxgtk8NURxZ3IZwD3F6NtxbXZQCnnSi1Lkx+IDohdPlFp222wVALIheZJQSEg==",
      "dev": true,
      "requires": {
        "color-convert": "^2.0.1"
      }
    },
    "async-mutex": {
      "version": "0.2.4",
      "resolved": "https://registry.npmjs.org/async-mutex/-/async-mutex-0.2.4.tgz",
      "integrity": "sha512-fcQKOXUKMQc57JlmjBCHtkKNrfGpHyR7vu18RfuLfeTAf4hK9PgOadPR5cDrBQ682zasrLUhJFe7EKAHJOduDg==",
      "dev": true,
      "requires": {
        "tslib": "^2.0.0"
      }
    },
    "asyncc": {
      "version": "2.0.4",
      "resolved": "https://registry.npmjs.org/asyncc/-/asyncc-2.0.4.tgz",
      "integrity": "sha512-5ohHLrRC6ZJ7ypVlJh3XJlINBdErz7VeQnNNLXq2T9hVsph58x49oykgg+KNbpnOiMF0X2vDmR2i2LVtWBL7Mw==",
      "dev": true
    },
    "autobind-decorator": {
      "version": "2.4.0",
      "resolved": "https://registry.npmjs.org/autobind-decorator/-/autobind-decorator-2.4.0.tgz",
      "integrity": "sha512-OGYhWUO72V6DafbF8PM8rm3EPbfuyMZcJhtm5/n26IDwO18pohE4eNazLoCGhPiXOCD0gEGmrbU3849QvM8bbw==",
      "dev": true
    },
    "bluebird": {
      "version": "3.5.1",
      "resolved": "https://registry.npmjs.org/bluebird/-/bluebird-3.5.1.tgz",
      "integrity": "sha512-MKiLiV+I1AA596t9w1sQJ8jkiSr5+ZKi0WKrYGUn6d1Fx+Ij4tIj+m2WMQSGczs5jZVxV339chE8iwk6F64wjA==",
      "dev": true
    },
    "browser-bunyan": {
      "version": "1.5.3",
      "resolved": "https://registry.npmjs.org/browser-bunyan/-/browser-bunyan-1.5.3.tgz",
      "integrity": "sha512-ijym10RK/fVIpWIEHxwfRQALSY8WFVUNyU8JBVMYF/TfllCv3/V4mNsv0dV5+U3Kr+lpdoJAM6qvkkEudV5L+w==",
      "dev": true,
      "requires": {
        "@browser-bunyan/console-formatted-stream": "^1.5.3",
        "@browser-bunyan/console-plain-stream": "^1.5.3",
        "@browser-bunyan/console-raw-stream": "^1.5.3",
        "@browser-bunyan/levels": "^1.5.3"
      }
    },
    "bson": {
      "version": "1.1.5",
      "resolved": "https://registry.npmjs.org/bson/-/bson-1.1.5.tgz",
      "integrity": "sha512-kDuEzldR21lHciPQAIulLs1LZlCXdLziXI6Mb/TDkwXhb//UORJNPXgcRs2CuO4H0DcMkpfT3/ySsP3unoZjBg==",
      "dev": true
    },
    "buffer-from": {
      "version": "1.1.1",
      "resolved": "https://registry.npmjs.org/buffer-from/-/buffer-from-1.1.1.tgz",
      "integrity": "sha512-MQcXEUbCKtEo7bhqEs6560Hyd4XaovZlO/k9V3hjVUF/zwW7KBVdSK4gIt/bzwS9MbR5qob+F5jusZsb0YQK2A==",
      "dev": true
    },
    "chalk": {
      "version": "4.1.0",
      "resolved": "https://registry.npmjs.org/chalk/-/chalk-4.1.0.tgz",
      "integrity": "sha512-qwx12AxXe2Q5xQ43Ac//I6v5aXTipYrSESdOgzrN+9XjgEpyjpKuvSGaN4qE93f7TQTlerQQ8S+EQ0EyDoVL1A==",
      "dev": true,
      "requires": {
        "ansi-styles": "^4.1.0",
        "supports-color": "^7.1.0"
      }
    },
    "color-convert": {
      "version": "2.0.1",
      "resolved": "https://registry.npmjs.org/color-convert/-/color-convert-2.0.1.tgz",
      "integrity": "sha512-RRECPsj7iu/xb5oKYcsFHSppFNnsj/52OVTRKb4zP5onXwVF3zVmmToNcOfGC+CRDpfK/U584fMg38ZHCaElKQ==",
      "dev": true,
      "requires": {
        "color-name": "~1.1.4"
      }
    },
    "color-name": {
      "version": "1.1.4",
      "resolved": "https://registry.npmjs.org/color-name/-/color-name-1.1.4.tgz",
      "integrity": "sha512-dOy+3AuW3a2wNbZHIuMZpTcgjGuLU/uBL/ubcZF9OXbDo8ff4O8yVp5Bf0efS8uEoYo5q4Fx7dY9OgQGXgAsQA==",
      "dev": true
    },
    "colors": {
      "version": "1.4.0",
      "resolved": "https://registry.npmjs.org/colors/-/colors-1.4.0.tgz",
      "integrity": "sha512-a+UqTh4kgZg/SlGvfbzDHpgRu7AAQOmmqRHJnxhRZICKFUT91brVhNNt58CMWU9PsBbv3PDCZUHbVxuDiH2mtA==",
      "dev": true
    },
    "csv-string": {
      "version": "3.1.7",
      "resolved": "https://registry.npmjs.org/csv-string/-/csv-string-3.1.7.tgz",
      "integrity": "sha512-36J9ILEVYQ/z7BbnPMW2MqfxA6TF84Xye4hcSTH/dXin5Uuh2ouSqBk5A//75Y+Bv3z7APjK0BINNmxVN1mXpA==",
      "dev": true
    },
    "debug": {
      "version": "3.1.0",
      "resolved": "https://registry.npmjs.org/debug/-/debug-3.1.0.tgz",
      "integrity": "sha512-OX8XqP7/1a9cqkxYw2yXss15f26NKWBpDXQd0/uK/KPqdQhxbPa994hnzjcE2VqQpDslf55723cKPUOGSmMY3g==",
      "dev": true,
      "requires": {
        "ms": "2.0.0"
      },
      "dependencies": {
        "ms": {
          "version": "2.0.0",
          "resolved": "https://registry.npmjs.org/ms/-/ms-2.0.0.tgz",
          "integrity": "sha1-VgiurfwAvmwpAd9fmGF4jeDVl8g=",
          "dev": true
        }
      }
    },
    "eventemitter3": {
      "version": "4.0.0",
      "resolved": "https://registry.npmjs.org/eventemitter3/-/eventemitter3-4.0.0.tgz",
      "integrity": "sha512-qerSRB0p+UDEssxTtm6EDKcE7W4OaoisfIMl4CngyEhjpYglocpNg6UEqCvemdGhosAsg4sO2dXJOdyBifPGCg==",
      "dev": true
    },
    "exeunt": {
      "version": "1.1.1",
      "resolved": "https://registry.npmjs.org/exeunt/-/exeunt-1.1.1.tgz",
      "integrity": "sha1-tAVOBsO6WmxOGcFzRUzDFuoH3nU=",
      "dev": true
    },
    "has-flag": {
      "version": "4.0.0",
      "resolved": "https://registry.npmjs.org/has-flag/-/has-flag-4.0.0.tgz",
      "integrity": "sha512-EykJT/Q1KjTWctppgIAgfSO0tKVuZUjhgMr17kqTumMl6Afv3EISleU7qZUzoXDFTAHTDC4NOoG/ZxU3EvlMPQ==",
      "dev": true
    },
    "json-stringify-safe": {
      "version": "5.0.1",
      "resolved": "https://registry.npmjs.org/json-stringify-safe/-/json-stringify-safe-5.0.1.tgz",
      "integrity": "sha1-Epai1Y/UXxmg9s4B1lcB4sc1tus=",
      "dev": true
    },
    "kareem": {
      "version": "2.3.1",
      "resolved": "https://registry.npmjs.org/kareem/-/kareem-2.3.1.tgz",
      "integrity": "sha512-l3hLhffs9zqoDe8zjmb/mAN4B8VT3L56EUvKNqLFVs9YlFA+zx7ke1DO8STAdDyYNkeSo1nKmjuvQeI12So8Xw==",
      "dev": true
    },
    "lodash": {
      "version": "4.17.19",
      "resolved": "https://registry.npmjs.org/lodash/-/lodash-4.17.19.tgz",
      "integrity": "sha512-JNvd8XER9GQX0v2qJgsaN/mzFCNA5BRe/j8JN9d+tWyGLSodKQHKFicdwNYzWwI3wjRnaKPsGj1XkBjx/F96DQ==",
      "dev": true
    },
    "map-lru": {
      "version": "1.1.0",
      "resolved": "https://registry.npmjs.org/map-lru/-/map-lru-1.1.0.tgz",
      "integrity": "sha512-vbnDZvYRfQQKfzxgCgZkcbdx5ooWoY9EnlmIdEJHAguHsl6GiGblzbRLkdQS1kyhA1CPjZvWqMNil/sG3gdt2Q==",
      "dev": true
    },
    "memory-pager": {
      "version": "1.5.0",
      "resolved": "https://registry.npmjs.org/memory-pager/-/memory-pager-1.5.0.tgz",
      "integrity": "sha512-ZS4Bp4r/Zoeq6+NLJpP+0Zzm0pR8whtGPf1XExKLJBAczGMnSi3It14OiNCStjQjM6NU1okjQGSxgEZN8eBYKg==",
      "dev": true,
      "optional": true
    },
    "mongodb": {
      "version": "3.4.1",
      "resolved": "https://registry.npmjs.org/mongodb/-/mongodb-3.4.1.tgz",
      "integrity": "sha512-juqt5/Z42J4DcE7tG7UdVaTKmUC6zinF4yioPfpeOSNBieWSK6qCY+0tfGQcHLKrauWPDdMZVROHJOa8q2pWsA==",
      "dev": true,
      "requires": {
        "bson": "^1.1.1",
        "require_optional": "^1.0.1",
        "safe-buffer": "^5.1.2",
        "saslprep": "^1.0.0"
      }
    },
    "mongoose": {
      "version": "5.8.12",
      "resolved": "https://registry.npmjs.org/mongoose/-/mongoose-5.8.12.tgz",
      "integrity": "sha512-PM6Ks4kIcsLiHcqskVaLj5vDE9l2PoW5foecIuUb5vIG22Gf2yCps31+U3I7Rw8UPnrnbmZvvrRgkHmZR2/Kbw==",
      "dev": true,
      "requires": {
        "bson": "~1.1.1",
        "kareem": "2.3.1",
        "mongodb": "3.4.1",
        "mongoose-legacy-pluralize": "1.0.2",
        "mpath": "0.6.0",
        "mquery": "3.2.2",
        "ms": "2.1.2",
        "regexp-clone": "1.0.0",
        "safe-buffer": "5.1.2",
        "sift": "7.0.1",
        "sliced": "1.0.1"
      }
    },
    "mongoose-legacy-pluralize": {
      "version": "1.0.2",
      "resolved": "https://registry.npmjs.org/mongoose-legacy-pluralize/-/mongoose-legacy-pluralize-1.0.2.tgz",
      "integrity": "sha512-Yo/7qQU4/EyIS8YDFSeenIvXxZN+ld7YdV9LqFVQJzTLye8unujAWPZ4NWKfFA+RNjh+wvTWKY9Z3E5XM6ZZiQ==",
      "dev": true
    },
    "mpath": {
      "version": "0.6.0",
      "resolved": "https://registry.npmjs.org/mpath/-/mpath-0.6.0.tgz",
      "integrity": "sha512-i75qh79MJ5Xo/sbhxrDrPSEG0H/mr1kcZXJ8dH6URU5jD/knFxCVqVC/gVSW7GIXL/9hHWlT9haLbCXWOll3qw==",
      "dev": true
    },
    "mquery": {
      "version": "3.2.2",
      "resolved": "https://registry.npmjs.org/mquery/-/mquery-3.2.2.tgz",
      "integrity": "sha512-XB52992COp0KP230I3qloVUbkLUxJIu328HBP2t2EsxSFtf4W1HPSOBWOXf1bqxK4Xbb66lfMJ+Bpfd9/yZE1Q==",
      "dev": true,
      "requires": {
        "bluebird": "3.5.1",
        "debug": "3.1.0",
        "regexp-clone": "^1.0.0",
        "safe-buffer": "5.1.2",
        "sliced": "1.0.1"
      }
    },
    "ms": {
      "version": "2.1.2",
      "resolved": "https://registry.npmjs.org/ms/-/ms-2.1.2.tgz",
      "integrity": "sha512-sGkPx+VjMtmA6MX27oA4FBFELFCZZ4S4XqeGOXCv68tT+jb3vk/RyaKWP0PTKyWtmLSM0b+adUTEvbs1PEaH2w==",
      "dev": true
    },
    "normalize-unicode-text": {
      "version": "0.0.1",
      "resolved": "https://registry.npmjs.org/normalize-unicode-text/-/normalize-unicode-text-0.0.1.tgz",
      "integrity": "sha512-zzW9hCazMohI1lf3zWF7k7ecCmL/T2ZaiV7W7ZIjmTmNT0bqNfnsgBfQnudYn8zG1uk7PrPmBXd2CkujehZpDw==",
      "dev": true
    },
    "qs": {
      "version": "6.9.1",
      "resolved": "https://registry.npmjs.org/qs/-/qs-6.9.1.tgz",
      "integrity": "sha512-Cxm7/SS/y/Z3MHWSxXb8lIFqgqBowP5JMlTUFyJN88y0SGQhVmZnqFK/PeuMX9LzUyWsqqhNxIyg0jlzq946yA==",
      "dev": true
    },
    "regexp-clone": {
      "version": "1.0.0",
      "resolved": "https://registry.npmjs.org/regexp-clone/-/regexp-clone-1.0.0.tgz",
      "integrity": "sha512-TuAasHQNamyyJ2hb97IuBEif4qBHGjPHBS64sZwytpLEqtBQ1gPJTnOaQ6qmpET16cK14kkjbazl6+p0RRv0yw==",
      "dev": true
    },
    "require_optional": {
      "version": "1.0.1",
      "resolved": "https://registry.npmjs.org/require_optional/-/require_optional-1.0.1.tgz",
      "integrity": "sha512-qhM/y57enGWHAe3v/NcwML6a3/vfESLe/sGM2dII+gEO0BpKRUkWZow/tyloNqJyN6kXSl3RyyM8Ll5D/sJP8g==",
      "dev": true,
      "requires": {
        "resolve-from": "^2.0.0",
        "semver": "^5.1.0"
      }
    },
    "resolve-from": {
      "version": "2.0.0",
      "resolved": "https://registry.npmjs.org/resolve-from/-/resolve-from-2.0.0.tgz",
      "integrity": "sha1-lICrIOlP+h2egKgEx+oUdhGWa1c=",
      "dev": true
    },
    "safe-buffer": {
      "version": "5.1.2",
      "resolved": "https://registry.npmjs.org/safe-buffer/-/safe-buffer-5.1.2.tgz",
      "integrity": "sha512-Gd2UZBJDkXlY7GbJxfsE8/nvKkUEU1G38c1siN6QP6a9PT9MmHB8GnpscSmMJSoF8LOIrt8ud/wPtojys4G6+g==",
      "dev": true
    },
    "saslprep": {
      "version": "1.0.3",
      "resolved": "https://registry.npmjs.org/saslprep/-/saslprep-1.0.3.tgz",
      "integrity": "sha512-/MY/PEMbk2SuY5sScONwhUDsV2p77Znkb/q3nSVstq/yQzYJOH/Azh29p9oJLsl3LnQwSvZDKagDGBsBwSooag==",
      "dev": true,
      "optional": true,
      "requires": {
        "sparse-bitfield": "^3.0.3"
      }
    },
    "semver": {
      "version": "5.7.1",
      "resolved": "https://registry.npmjs.org/semver/-/semver-5.7.1.tgz",
      "integrity": "sha512-sauaDf/PZdVgrLTNYHRtpXa1iRiKcaebiKQ1BJdpQlWH2lCvexQdX55snPFyK7QzpudqbCI0qXFfOasHdyNDGQ==",
      "dev": true
    },
    "sift": {
      "version": "7.0.1",
      "resolved": "https://registry.npmjs.org/sift/-/sift-7.0.1.tgz",
      "integrity": "sha512-oqD7PMJ+uO6jV9EQCl0LrRw1OwsiPsiFQR5AR30heR+4Dl7jBBbDLnNvWiak20tzZlSE1H7RB30SX/1j/YYT7g==",
      "dev": true
    },
    "sliced": {
      "version": "1.0.1",
      "resolved": "https://registry.npmjs.org/sliced/-/sliced-1.0.1.tgz",
      "integrity": "sha1-CzpmK10Ewxd7GSa+qCsD+Dei70E=",
      "dev": true
    },
    "source-map": {
      "version": "0.6.1",
      "resolved": "https://registry.npmjs.org/source-map/-/source-map-0.6.1.tgz",
      "integrity": "sha512-UjgapumWlbMhkBgzT7Ykc5YXUT46F0iKu8SGXq0bcwP5dz/h0Plj6enJqjz1Zbq2l5WaqYnrVbwWOWMyF3F47g==",
      "dev": true
    },
    "source-map-support": {
      "version": "0.5.16",
      "resolved": "https://registry.npmjs.org/source-map-support/-/source-map-support-0.5.16.tgz",
      "integrity": "sha512-efyLRJDr68D9hBBNIPWFjhpFzURh+KJykQwvMyW5UiZzYwoF6l4YMMDIJJEyFWxWCqfyxLzz6tSfUFR+kXXsVQ==",
      "dev": true,
      "requires": {
        "buffer-from": "^1.0.0",
        "source-map": "^0.6.0"
      }
    },
    "sparse-bitfield": {
      "version": "3.0.3",
      "resolved": "https://registry.npmjs.org/sparse-bitfield/-/sparse-bitfield-3.0.3.tgz",
      "integrity": "sha1-/0rm5oZWBWuks+eSqzM004JzyhE=",
      "dev": true,
      "optional": true,
      "requires": {
        "memory-pager": "^1.0.2"
      }
    },
    "supports-color": {
      "version": "7.2.0",
      "resolved": "https://registry.npmjs.org/supports-color/-/supports-color-7.2.0.tgz",
      "integrity": "sha512-qpCAvRl9stuOHveKsn7HncJRvv501qIacKzQlO/+Lwxc9+0q2wLyv4Dfvt80/DPn2pqOBsJdDiogXGR9+OvwRw==",
      "dev": true,
      "requires": {
        "has-flag": "^4.0.0"
      }
    },
    "tslib": {
      "version": "2.0.3",
      "resolved": "https://registry.npmjs.org/tslib/-/tslib-2.0.3.tgz",
      "integrity": "sha512-uZtkfKblCEQtZKBF6EBXVZeQNl82yqtDQdv+eck8u7tdPxjLu2/lp5/uPW+um2tpuxINHWy3GhiccY7QgEaVHQ==",
      "dev": true
    }
  }
}
