{
  "name": "@lskjs/config",
  "version": "2.2.1-beta.2",
  "lockfileVersion": 2,
  "requires": true,
  "packages": {
    "": {
      "name": "@lskjs/config",
      "version": "2.2.0-beta.25",
      "license": "MIT",
      "dependencies": {
        "@lskjs/utils": "2.2.0-beta.25"
      },
      "devDependencies": {
        "lodash": "4.17.20"
      },
      "peerDependencies": {
        "lodash": "*"
      }
    },
    "node_modules/@lskjs/utils": {
      "version": "2.2.0-beta.25",
      "resolved": "https://registry.npmjs.org/@lskjs/utils/-/utils-2.2.0-beta.25.tgz",
      "integrity": "sha512-VXvaECGCbsUOjEQoBKgvFf0L2x7Zp4ojKq4Ym6B89WxVN7JTj1zxH7RL1PT2ayqIbUzDaGo9mMu7fVE77HJy2g=="
    },
    "node_modules/lodash": {
      "version": "4.17.20",
      "resolved": "https://registry.npmjs.org/lodash/-/lodash-4.17.19.tgz",
      "integrity": "sha512-JNvd8XER9GQX0v2qJgsaN/mzFCNA5BRe/j8JN9d+tWyGLSodKQHKFicdwNYzWwI3wjRnaKPsGj1XkBjx/F96DQ==",
      "dev": true
    }
  },
  "dependencies": {
    "@lskjs/utils": {
      "version": "2.2.0-beta.25",
      "resolved": "https://registry.npmjs.org/@lskjs/utils/-/utils-2.2.0-beta.25.tgz",
      "integrity": "sha512-VXvaECGCbsUOjEQoBKgvFf0L2x7Zp4ojKq4Ym6B89WxVN7JTj1zxH7RL1PT2ayqIbUzDaGo9mMu7fVE77HJy2g=="
    },
    "lodash": {
      "version": "4.17.20",
      "resolved": "https://registry.npmjs.org/lodash/-/lodash-4.17.19.tgz",
      "integrity": "sha512-JNvd8XER9GQX0v2qJgsaN/mzFCNA5BRe/j8JN9d+tWyGLSodKQHKFicdwNYzWwI3wjRnaKPsGj1XkBjx/F96DQ==",
      "dev": true
    }
  }
}
