{
  "name": "@lskjs/config",
  "version": "2.84.11",
  "lockfileVersion": 2,
  "requires": true,
  "packages": {
    "": {
      "name": "@lskjs/config",
      "version": "2.72.0",
      "license": "MIT",
      "dependencies": {
        "@lskjs/utils": "2.72.0"
      },
      "devDependencies": {
        "lodash": "4.17.21"
      },
      "peerDependencies": {
        "lodash": "4.17.x"
      }
    },
    "node_modules/@lskjs/utils": {
      "version": "2.72.0",
      "resolved": "https://registry.npmjs.org/@lskjs/utils/-/utils-2.72.0.tgz",
      "integrity": "sha512-E7BJ9g2DNRZaZb3WuxRF2LRvfnZxf6h6jR1xtAUoYcIdnxbgnXQTVALI+dCrHUkiAolsym0VUFdI2E4uOMCSXg=="
    },
    "node_modules/lodash": {
      "version": "4.17.21",
      "resolved": "https://registry.npmjs.org/lodash/-/lodash-4.17.21.tgz",
      "integrity": "sha512-v2kDEe57lecTulaDIuNTPy3Ry4gLGJ6Z1O3vE1krgXZNrsQ+LFTGHVxVjcXPs17LhbZVGedAJv8XZ1tvj5FvSg==",
      "dev": true
    }
  },
  "dependencies": {
    "@lskjs/utils": {
      "version": "2.72.0",
      "resolved": "https://registry.npmjs.org/@lskjs/utils/-/utils-2.72.0.tgz",
      "integrity": "sha512-E7BJ9g2DNRZaZb3WuxRF2LRvfnZxf6h6jR1xtAUoYcIdnxbgnXQTVALI+dCrHUkiAolsym0VUFdI2E4uOMCSXg=="
    },
    "lodash": {
      "version": "4.17.21",
      "resolved": "https://registry.npmjs.org/lodash/-/lodash-4.17.21.tgz",
      "integrity": "sha512-v2kDEe57lecTulaDIuNTPy3Ry4gLGJ6Z1O3vE1krgXZNrsQ+LFTGHVxVjcXPs17LhbZVGedAJv8XZ1tvj5FvSg==",
      "dev": true
    }
  }
}
