{
  "name": "@lskjs/bots-provider-discord",
  "version": "2.46.0",
  "lockfileVersion": 2,
  "requires": true,
  "packages": {
    "": {
      "name": "@lskjs/bots-provider-discord",
      "version": "2.35.0",
      "license": "MIT",
      "dependencies": {
        "@lskjs/bots-provider": "2.35.0",
        "@lskjs/err": "2.34.0",
        "@lskjs/module": "2.35.0",
        "@lskjs/utils": "2.34.0",
        "discord.js": "12.5.1"
      },
      "devDependencies": {
        "lodash": "4.17.21"
      },
      "peerDependencies": {
        "lodash": "4.17.x"
      }
    },
    "node_modules/@discordjs/collection": {
      "version": "0.1.6",
      "resolved": "https://registry.npmjs.org/@discordjs/collection/-/collection-0.1.6.tgz",
      "integrity": "sha512-utRNxnd9kSS2qhyivo9lMlt5qgAUasH2gb7BEOn6p0efFh24gjGomHzWKMAPn2hEReOPQZCJaRKoURwRotKucQ=="
    },
    "node_modules/@discordjs/form-data": {
      "version": "3.0.1",
      "resolved": "https://registry.npmjs.org/@discordjs/form-data/-/form-data-3.0.1.tgz",
      "integrity": "sha512-ZfFsbgEXW71Rw/6EtBdrP5VxBJy4dthyC0tpQKGKmYFImlmmrykO14Za+BiIVduwjte0jXEBlhSKf0MWbFp9Eg==",
      "dependencies": {
        "asynckit": "^0.4.0",
        "combined-stream": "^1.0.8",
        "mime-types": "^2.1.12"
      },
      "engines": {
        "node": ">= 6"
      }
    },
    "node_modules/@lskjs/bots-base": {
      "version": "2.35.0",
      "resolved": "https://registry.npmjs.org/@lskjs/bots-base/-/bots-base-2.35.0.tgz",
      "integrity": "sha512-HDO2wwbntZeZ5W3PREFR8rv4t8reZ6LlOuZLZfSMVD8Imfv/XDoDllGZrzmlLxcYXjCCAGZVbv5GJUcFKYDD8A==",
      "dependencies": {
        "@lskjs/module": "2.35.0",
        "@lskjs/utils": "2.34.0"
      },
      "peerDependencies": {
        "lodash": "4.17.x",
        "telegraf": "4.x"
      }
    },
    "node_modules/@lskjs/bots-provider": {
      "version": "2.35.0",
      "resolved": "https://registry.npmjs.org/@lskjs/bots-provider/-/bots-provider-2.35.0.tgz",
      "integrity": "sha512-cGjeDIRHWigAJ8hTTHh9c/Gr9819KaxHz7oMSb/X/wwZM+o0pY57y3muDUI1LYz7z1aNVHqe3UiM9fldWNOErA==",
      "dependencies": {
        "@lskjs/bots-base": "2.35.0",
        "@lskjs/module": "2.35.0",
        "@lskjs/utils": "2.34.0"
      },
      "peerDependencies": {
        "lodash": "4.17.x"
      }
    },
    "node_modules/@lskjs/debug-level": {
      "version": "0.3.2",
      "resolved": "https://registry.npmjs.org/@lskjs/debug-level/-/debug-level-0.3.2.tgz",
      "integrity": "sha512-VHPhtJ9do45MGE93DxEsPdCgPUQAAAdicgytkzG8UMCXIgq5nIKY7JNzDunqbOw2sH7yaJfzF1sYwfb745zWCQ==",
      "dependencies": {
        "asyncc": "^2.0.4",
        "chalk": "^4.1.0",
        "json-stringify-safe": "^5.0.1",
        "map-lru": "^1.1.0",
        "ms": "^2.1.2"
      },
      "engines": {
        "node": ">=4"
      }
    },
    "node_modules/@lskjs/env": {
      "version": "2.34.0",
      "resolved": "https://registry.npmjs.org/@lskjs/env/-/env-2.34.0.tgz",
      "integrity": "sha512-YQv4b9KqzmTT6QhcJkS86XbYOiKPFt3C933GdlJLCelP0kpnYT5sfxBfaHXQOpqNZ4c2X9GoiOkm2uB2N84vBQ=="
    },
    "node_modules/@lskjs/err": {
      "version": "2.34.0",
      "resolved": "https://registry.npmjs.org/@lskjs/err/-/err-2.34.0.tgz",
      "integrity": "sha512-CFH0KharyARtgMHxPCCnf55/DzFP+sxsChv4Ax5QumK6u/SNSpBOrsV4+BIUIjydtbvqSgtgDhODnh9DbbvuXQ==",
      "dependencies": {
        "lodash": "4.17.21"
      }
    },
    "node_modules/@lskjs/log": {
      "version": "2.35.0",
      "resolved": "https://registry.npmjs.org/@lskjs/log/-/log-2.35.0.tgz",
      "integrity": "sha512-MjHYBmQTjqT/DQRtEQ7FdZAJJWluPohCQ4OZDAGl6dHPbNyYco+xaLk69znR/hu9V9NVqoI40f3hC2HORoyH6A==",
      "dependencies": {
        "@lskjs/debug-level": "0.3.2",
        "@lskjs/env": "2.34.0",
        "@lskjs/err": "2.34.0",
        "colors": "1.4.0",
        "fast-safe-stringify": "2.0.8",
        "nanocolors": "0.2.9",
        "split": "1.0.1",
        "through": "2.3.8"
      },
      "bin": {
        "lsklog": "bin/cli.js"
      }
    },
    "node_modules/@lskjs/module": {
      "version": "2.35.0",
      "resolved": "https://registry.npmjs.org/@lskjs/module/-/module-2.35.0.tgz",
      "integrity": "sha512-o5MdfYsE0UwtcKrvRTvpPPXHe5Q5Dkq6qls68w+Spskswpp0Hbmw0Dx44cSpItr4P7tn0m8hfmX4Oq98rjjzmQ==",
      "dependencies": {
        "@lskjs/env": "2.34.0",
        "@lskjs/err": "2.34.0",
        "@lskjs/log": "2.35.0",
        "@lskjs/mutex": "2.34.0",
        "@lskjs/utils": "2.34.0",
        "colors": "1.4.0",
        "eventemitter3": "4.0.7"
      },
      "peerDependencies": {
        "@types/lodash": "4.14.x",
        "bluebird": "3.7.x",
        "lodash": "4.17.x"
      }
    },
    "node_modules/@lskjs/mutex": {
      "version": "2.34.0",
      "resolved": "https://registry.npmjs.org/@lskjs/mutex/-/mutex-2.34.0.tgz",
      "integrity": "sha512-YedzHpgBdMBEVYDyBsQ87GHj7orFQWaVHwpHU5fMvA7499rERtbPjA2hcrqv13E+cb7Cg7rRtPH8lC1cS/Z7Yg==",
      "dependencies": {
        "async-mutex": "0.2.6"
      }
    },
    "node_modules/@lskjs/utils": {
      "version": "2.34.0",
      "resolved": "https://registry.npmjs.org/@lskjs/utils/-/utils-2.34.0.tgz",
      "integrity": "sha512-sEIGL+mCfFXjr7CiIM+KnP354lh+htySg0l/P6PD2m9NIiMUcbtqImtGR5e3lTajnjx6M5s05YgjaqWm/tx4dQ=="
    },
    "node_modules/abort-controller": {
      "version": "3.0.0",
      "resolved": "https://registry.npmjs.org/abort-controller/-/abort-controller-3.0.0.tgz",
      "integrity": "sha512-h8lQ8tacZYnR3vNQTgibj+tODHI5/+l06Au2Pcriv/Gmet0eaj4TwWH41sO9wnHDiQsEj19q0drzdWdeAHtweg==",
      "dependencies": {
        "event-target-shim": "^5.0.0"
      },
      "engines": {
        "node": ">=6.5"
      }
    },
    "node_modules/ansi-styles": {
      "version": "4.3.0",
      "resolved": "https://registry.npmjs.org/ansi-styles/-/ansi-styles-4.3.0.tgz",
      "integrity": "sha512-zbB9rCJAT1rbjiVDb2hqKFHNYLxgtk8NURxZ3IZwD3F6NtxbXZQCnnSi1Lkx+IDohdPlFp222wVALIheZJQSEg==",
      "dependencies": {
        "color-convert": "^2.0.1"
      },
      "engines": {
        "node": ">=8"
      },
      "funding": {
        "url": "https://github.com/chalk/ansi-styles?sponsor=1"
      }
    },
    "node_modules/async-mutex": {
      "version": "0.2.6",
      "resolved": "https://registry.npmjs.org/async-mutex/-/async-mutex-0.2.6.tgz",
      "integrity": "sha512-Hs4R+4SPgamu6rSGW8C7cV9gaWUKEHykfzCCvIRuaVv636Ju10ZdeUbvb4TBEW0INuq2DHZqXbK4Nd3yG4RaRw==",
      "dependencies": {
        "tslib": "^2.0.0"
      }
    },
    "node_modules/asyncc": {
      "version": "2.0.6",
      "resolved": "https://registry.npmjs.org/asyncc/-/asyncc-2.0.6.tgz",
      "integrity": "sha512-m3nkCP6CKuLubt2vwqoOio8NmOJPjUL6dcaNNxqc9q4H2Rq9wNs+2UsIzBegiJzUtoyh9X9iBe4GIhqu1uOvqA==",
      "engines": {
        "node": ">=6.0.0"
      }
    },
    "node_modules/asynckit": {
      "version": "0.4.0",
      "resolved": "https://registry.npmjs.org/asynckit/-/asynckit-0.4.0.tgz",
      "integrity": "sha1-x57Zf380y48robyXkLzDZkdLS3k="
    },
    "node_modules/chalk": {
      "version": "4.1.2",
      "resolved": "https://registry.npmjs.org/chalk/-/chalk-4.1.2.tgz",
      "integrity": "sha512-oKnbhFyRIXpUuez8iBMmyEa4nbj4IOQyuhc/wy9kY7/WVPcwIO9VA668Pu8RkO7+0G76SLROeyw9CpQ061i4mA==",
      "dependencies": {
        "ansi-styles": "^4.1.0",
        "supports-color": "^7.1.0"
      },
      "engines": {
        "node": ">=10"
      },
      "funding": {
        "url": "https://github.com/chalk/chalk?sponsor=1"
      }
    },
    "node_modules/color-convert": {
      "version": "2.0.1",
      "resolved": "https://registry.npmjs.org/color-convert/-/color-convert-2.0.1.tgz",
      "integrity": "sha512-RRECPsj7iu/xb5oKYcsFHSppFNnsj/52OVTRKb4zP5onXwVF3zVmmToNcOfGC+CRDpfK/U584fMg38ZHCaElKQ==",
      "dependencies": {
        "color-name": "~1.1.4"
      },
      "engines": {
        "node": ">=7.0.0"
      }
    },
    "node_modules/color-name": {
      "version": "1.1.4",
      "resolved": "https://registry.npmjs.org/color-name/-/color-name-1.1.4.tgz",
      "integrity": "sha512-dOy+3AuW3a2wNbZHIuMZpTcgjGuLU/uBL/ubcZF9OXbDo8ff4O8yVp5Bf0efS8uEoYo5q4Fx7dY9OgQGXgAsQA=="
    },
    "node_modules/colors": {
      "version": "1.4.0",
      "resolved": "https://registry.npmjs.org/colors/-/colors-1.4.0.tgz",
      "integrity": "sha512-a+UqTh4kgZg/SlGvfbzDHpgRu7AAQOmmqRHJnxhRZICKFUT91brVhNNt58CMWU9PsBbv3PDCZUHbVxuDiH2mtA==",
      "engines": {
        "node": ">=0.1.90"
      }
    },
    "node_modules/combined-stream": {
      "version": "1.0.8",
      "resolved": "https://registry.npmjs.org/combined-stream/-/combined-stream-1.0.8.tgz",
      "integrity": "sha512-FQN4MRfuJeHf7cBbBMJFXhKSDq+2kAArBlmRBvcvFE5BB1HZKXtSFASDhdlz9zOYwxh8lDdnvmMOe/+5cdoEdg==",
      "dependencies": {
        "delayed-stream": "~1.0.0"
      },
      "engines": {
        "node": ">= 0.8"
      }
    },
    "node_modules/delayed-stream": {
      "version": "1.0.0",
      "resolved": "https://registry.npmjs.org/delayed-stream/-/delayed-stream-1.0.0.tgz",
      "integrity": "sha1-3zrhmayt+31ECqrgsp4icrJOxhk=",
      "engines": {
        "node": ">=0.4.0"
      }
    },
    "node_modules/discord.js": {
      "version": "12.5.1",
      "resolved": "https://registry.npmjs.org/discord.js/-/discord.js-12.5.1.tgz",
      "integrity": "sha512-VwZkVaUAIOB9mKdca0I5MefPMTQJTNg0qdgi1huF3iwsFwJ0L5s/Y69AQe+iPmjuV6j9rtKoG0Ta0n9vgEIL6w==",
      "dependencies": {
        "@discordjs/collection": "^0.1.6",
        "@discordjs/form-data": "^3.0.1",
        "abort-controller": "^3.0.0",
        "node-fetch": "^2.6.1",
        "prism-media": "^1.2.2",
        "setimmediate": "^1.0.5",
        "tweetnacl": "^1.0.3",
        "ws": "^7.3.1"
      },
      "engines": {
        "node": ">=12.0.0"
      }
    },
    "node_modules/event-target-shim": {
      "version": "5.0.1",
      "resolved": "https://registry.npmjs.org/event-target-shim/-/event-target-shim-5.0.1.tgz",
      "integrity": "sha512-i/2XbnSz/uxRCU6+NdVJgKWDTM427+MqYbkQzD321DuCQJUqOuJKIA0IM2+W2xtYHdKOmZ4dR6fExsd4SXL+WQ==",
      "engines": {
        "node": ">=6"
      }
    },
    "node_modules/eventemitter3": {
      "version": "4.0.7",
      "resolved": "https://registry.npmjs.org/eventemitter3/-/eventemitter3-4.0.7.tgz",
      "integrity": "sha512-8guHBZCwKnFhYdHr2ysuRWErTwhoN2X8XELRlrRwpmfeY2jjuUN4taQMsULKUVo1K4DvZl+0pgfyoysHxvmvEw=="
    },
    "node_modules/fast-safe-stringify": {
      "version": "2.0.8",
      "resolved": "https://registry.npmjs.org/fast-safe-stringify/-/fast-safe-stringify-2.0.8.tgz",
      "integrity": "sha512-lXatBjf3WPjmWD6DpIZxkeSsCOwqI0maYMpgDlx8g4U2qi4lbjA9oH/HD2a87G+KfsUmo5WbJFmqBZlPxtptag=="
    },
    "node_modules/has-flag": {
      "version": "4.0.0",
      "resolved": "https://registry.npmjs.org/has-flag/-/has-flag-4.0.0.tgz",
      "integrity": "sha512-EykJT/Q1KjTWctppgIAgfSO0tKVuZUjhgMr17kqTumMl6Afv3EISleU7qZUzoXDFTAHTDC4NOoG/ZxU3EvlMPQ==",
      "engines": {
        "node": ">=8"
      }
    },
    "node_modules/json-stringify-safe": {
      "version": "5.0.1",
      "resolved": "https://registry.npmjs.org/json-stringify-safe/-/json-stringify-safe-5.0.1.tgz",
      "integrity": "sha1-Epai1Y/UXxmg9s4B1lcB4sc1tus="
    },
    "node_modules/lodash": {
      "version": "4.17.21",
      "resolved": "https://registry.npmjs.org/lodash/-/lodash-4.17.21.tgz",
      "integrity": "sha512-v2kDEe57lecTulaDIuNTPy3Ry4gLGJ6Z1O3vE1krgXZNrsQ+LFTGHVxVjcXPs17LhbZVGedAJv8XZ1tvj5FvSg=="
    },
    "node_modules/map-lru": {
      "version": "1.1.0",
      "resolved": "https://registry.npmjs.org/map-lru/-/map-lru-1.1.0.tgz",
      "integrity": "sha512-vbnDZvYRfQQKfzxgCgZkcbdx5ooWoY9EnlmIdEJHAguHsl6GiGblzbRLkdQS1kyhA1CPjZvWqMNil/sG3gdt2Q==",
      "engines": {
        "node": ">=4"
      }
    },
    "node_modules/mime-db": {
      "version": "1.47.0",
      "resolved": "https://registry.npmjs.org/mime-db/-/mime-db-1.47.0.tgz",
      "integrity": "sha512-QBmA/G2y+IfeS4oktet3qRZ+P5kPhCKRXxXnQEudYqUaEioAU1/Lq2us3D/t1Jfo4hE9REQPrbB7K5sOczJVIw==",
      "engines": {
        "node": ">= 0.6"
      }
    },
    "node_modules/mime-types": {
      "version": "2.1.30",
      "resolved": "https://registry.npmjs.org/mime-types/-/mime-types-2.1.30.tgz",
      "integrity": "sha512-crmjA4bLtR8m9qLpHvgxSChT+XoSlZi8J4n/aIdn3z92e/U47Z0V/yl+Wh9W046GgFVAmoNR/fmdbZYcSSIUeg==",
      "dependencies": {
        "mime-db": "1.47.0"
      },
      "engines": {
        "node": ">= 0.6"
      }
    },
    "node_modules/ms": {
      "version": "2.1.3",
      "resolved": "https://registry.npmjs.org/ms/-/ms-2.1.3.tgz",
      "integrity": "sha512-6FlzubTLZG3J2a/NVCAleEhjzq5oxgHyaCU9yYXvcLsvoVaHJq/s5xXI6/XXP6tz7R9xAOtHnSO/tXtF3WRTlA=="
    },
    "node_modules/nanocolors": {
      "version": "0.2.9",
      "resolved": "https://registry.npmjs.org/nanocolors/-/nanocolors-0.2.9.tgz",
      "integrity": "sha512-aymgS4Xe0LMqHOHl7jSUEkFh/6O/pcF0j61dBtreQZ1nmbyYdYjSYSJzz0iPLbKPkMtSmdRgyBGywNZGjKOEfw=="
    },
    "node_modules/node-fetch": {
      "version": "2.6.1",
      "resolved": "https://registry.npmjs.org/node-fetch/-/node-fetch-2.6.1.tgz",
      "integrity": "sha512-V4aYg89jEoVRxRb2fJdAg8FHvI7cEyYdVAh94HH0UIK8oJxUfkjlDQN9RbMx+bEjP7+ggMiFRprSti032Oipxw==",
      "engines": {
        "node": "4.x || >=6.0.0"
      }
    },
    "node_modules/prism-media": {
      "version": "1.2.9",
      "resolved": "https://registry.npmjs.org/prism-media/-/prism-media-1.2.9.tgz",
      "integrity": "sha512-UHCYuqHipbTR1ZsXr5eg4JUmHER8Ss4YEb9Azn+9zzJ7/jlTtD1h0lc4g6tNx3eMlB8Mp6bfll0LPMAV4R6r3Q==",
      "peerDependencies": {
        "@discordjs/opus": "^0.5.0",
        "ffmpeg-static": "^4.2.7 || ^3.0.0 || ^2.4.0",
        "node-opus": "^0.3.3",
        "opusscript": "^0.0.8"
      },
      "peerDependenciesMeta": {
        "@discordjs/opus": {
          "optional": true
        },
        "ffmpeg-static": {
          "optional": true
        },
        "node-opus": {
          "optional": true
        },
        "opusscript": {
          "optional": true
        }
      }
    },
    "node_modules/setimmediate": {
      "version": "1.0.5",
      "resolved": "https://registry.npmjs.org/setimmediate/-/setimmediate-1.0.5.tgz",
      "integrity": "sha1-KQy7Iy4waULX1+qbg3Mqt4VvgoU="
    },
    "node_modules/split": {
      "version": "1.0.1",
      "resolved": "https://registry.npmjs.org/split/-/split-1.0.1.tgz",
      "integrity": "sha512-mTyOoPbrivtXnwnIxZRFYRrPNtEFKlpB2fvjSnCQUiAA6qAZzqwna5envK4uk6OIeP17CsdF3rSBGYVBsU0Tkg==",
      "dependencies": {
        "through": "2"
      },
      "engines": {
        "node": "*"
      }
    },
    "node_modules/supports-color": {
      "version": "7.2.0",
      "resolved": "https://registry.npmjs.org/supports-color/-/supports-color-7.2.0.tgz",
      "integrity": "sha512-qpCAvRl9stuOHveKsn7HncJRvv501qIacKzQlO/+Lwxc9+0q2wLyv4Dfvt80/DPn2pqOBsJdDiogXGR9+OvwRw==",
      "dependencies": {
        "has-flag": "^4.0.0"
      },
      "engines": {
        "node": ">=8"
      }
    },
    "node_modules/through": {
      "version": "2.3.8",
      "resolved": "https://registry.npmjs.org/through/-/through-2.3.8.tgz",
      "integrity": "sha1-DdTJ/6q8NXlgsbckEV1+Doai4fU="
    },
    "node_modules/tslib": {
      "version": "2.3.1",
      "resolved": "https://registry.npmjs.org/tslib/-/tslib-2.3.1.tgz",
      "integrity": "sha512-77EbyPPpMz+FRFRuAFlWMtmgUWGe9UOG2Z25NqCwiIjRhOf5iKGuzSe5P2w1laq+FkRy4p+PCuVkJSGkzTEKVw=="
    },
    "node_modules/tweetnacl": {
      "version": "1.0.3",
      "resolved": "https://registry.npmjs.org/tweetnacl/-/tweetnacl-1.0.3.tgz",
      "integrity": "sha512-6rt+RN7aOi1nGMyC4Xa5DdYiukl2UWCbcJft7YhxReBGQD7OAM8Pbxw6YMo4r2diNEA8FEmu32YOn9rhaiE5yw=="
    },
    "node_modules/ws": {
      "version": "7.4.4",
      "resolved": "https://registry.npmjs.org/ws/-/ws-7.4.4.tgz",
      "integrity": "sha512-Qm8k8ojNQIMx7S+Zp8u/uHOx7Qazv3Yv4q68MiWWWOJhiwG5W3x7iqmRtJo8xxrciZUY4vRxUTJCKuRnF28ZZw==",
      "engines": {
        "node": ">=8.3.0"
      },
      "peerDependencies": {
        "bufferutil": "^4.0.1",
        "utf-8-validate": "^5.0.2"
      },
      "peerDependenciesMeta": {
        "bufferutil": {
          "optional": true
        },
        "utf-8-validate": {
          "optional": true
        }
      }
    }
  },
  "dependencies": {
    "@discordjs/collection": {
      "version": "0.1.6",
      "resolved": "https://registry.npmjs.org/@discordjs/collection/-/collection-0.1.6.tgz",
      "integrity": "sha512-utRNxnd9kSS2qhyivo9lMlt5qgAUasH2gb7BEOn6p0efFh24gjGomHzWKMAPn2hEReOPQZCJaRKoURwRotKucQ=="
    },
    "@discordjs/form-data": {
      "version": "3.0.1",
      "resolved": "https://registry.npmjs.org/@discordjs/form-data/-/form-data-3.0.1.tgz",
      "integrity": "sha512-ZfFsbgEXW71Rw/6EtBdrP5VxBJy4dthyC0tpQKGKmYFImlmmrykO14Za+BiIVduwjte0jXEBlhSKf0MWbFp9Eg==",
      "requires": {
        "asynckit": "^0.4.0",
        "combined-stream": "^1.0.8",
        "mime-types": "^2.1.12"
      }
    },
    "@lskjs/bots-base": {
      "version": "2.35.0",
      "resolved": "https://registry.npmjs.org/@lskjs/bots-base/-/bots-base-2.35.0.tgz",
      "integrity": "sha512-HDO2wwbntZeZ5W3PREFR8rv4t8reZ6LlOuZLZfSMVD8Imfv/XDoDllGZrzmlLxcYXjCCAGZVbv5GJUcFKYDD8A==",
      "requires": {
        "@lskjs/module": "2.35.0",
        "@lskjs/utils": "2.34.0"
      }
    },
    "@lskjs/bots-provider": {
      "version": "2.35.0",
      "resolved": "https://registry.npmjs.org/@lskjs/bots-provider/-/bots-provider-2.35.0.tgz",
      "integrity": "sha512-cGjeDIRHWigAJ8hTTHh9c/Gr9819KaxHz7oMSb/X/wwZM+o0pY57y3muDUI1LYz7z1aNVHqe3UiM9fldWNOErA==",
      "requires": {
        "@lskjs/bots-base": "2.35.0",
        "@lskjs/module": "2.35.0",
        "@lskjs/utils": "2.34.0"
      }
    },
    "@lskjs/debug-level": {
      "version": "0.3.2",
      "resolved": "https://registry.npmjs.org/@lskjs/debug-level/-/debug-level-0.3.2.tgz",
      "integrity": "sha512-VHPhtJ9do45MGE93DxEsPdCgPUQAAAdicgytkzG8UMCXIgq5nIKY7JNzDunqbOw2sH7yaJfzF1sYwfb745zWCQ==",
      "requires": {
        "asyncc": "^2.0.4",
        "chalk": "^4.1.0",
        "json-stringify-safe": "^5.0.1",
        "map-lru": "^1.1.0",
        "ms": "^2.1.2"
      }
    },
    "@lskjs/env": {
      "version": "2.34.0",
      "resolved": "https://registry.npmjs.org/@lskjs/env/-/env-2.34.0.tgz",
      "integrity": "sha512-YQv4b9KqzmTT6QhcJkS86XbYOiKPFt3C933GdlJLCelP0kpnYT5sfxBfaHXQOpqNZ4c2X9GoiOkm2uB2N84vBQ=="
    },
    "@lskjs/err": {
      "version": "2.34.0",
      "resolved": "https://registry.npmjs.org/@lskjs/err/-/err-2.34.0.tgz",
      "integrity": "sha512-CFH0KharyARtgMHxPCCnf55/DzFP+sxsChv4Ax5QumK6u/SNSpBOrsV4+BIUIjydtbvqSgtgDhODnh9DbbvuXQ==",
      "requires": {
        "lodash": "4.17.21"
      }
    },
    "@lskjs/log": {
      "version": "2.35.0",
      "resolved": "https://registry.npmjs.org/@lskjs/log/-/log-2.35.0.tgz",
      "integrity": "sha512-MjHYBmQTjqT/DQRtEQ7FdZAJJWluPohCQ4OZDAGl6dHPbNyYco+xaLk69znR/hu9V9NVqoI40f3hC2HORoyH6A==",
      "requires": {
        "@lskjs/debug-level": "0.3.2",
        "@lskjs/env": "2.34.0",
        "@lskjs/err": "2.34.0",
        "colors": "1.4.0",
        "fast-safe-stringify": "2.0.8",
        "nanocolors": "0.2.9",
        "split": "1.0.1",
        "through": "2.3.8"
      }
    },
    "@lskjs/module": {
      "version": "2.35.0",
      "resolved": "https://registry.npmjs.org/@lskjs/module/-/module-2.35.0.tgz",
      "integrity": "sha512-o5MdfYsE0UwtcKrvRTvpPPXHe5Q5Dkq6qls68w+Spskswpp0Hbmw0Dx44cSpItr4P7tn0m8hfmX4Oq98rjjzmQ==",
      "requires": {
        "@lskjs/env": "2.34.0",
        "@lskjs/err": "2.34.0",
        "@lskjs/log": "2.35.0",
        "@lskjs/mutex": "2.34.0",
        "@lskjs/utils": "2.34.0",
        "colors": "1.4.0",
        "eventemitter3": "4.0.7"
      }
    },
    "@lskjs/mutex": {
      "version": "2.34.0",
      "resolved": "https://registry.npmjs.org/@lskjs/mutex/-/mutex-2.34.0.tgz",
      "integrity": "sha512-YedzHpgBdMBEVYDyBsQ87GHj7orFQWaVHwpHU5fMvA7499rERtbPjA2hcrqv13E+cb7Cg7rRtPH8lC1cS/Z7Yg==",
      "requires": {
        "async-mutex": "0.2.6"
      }
    },
    "@lskjs/utils": {
      "version": "2.34.0",
      "resolved": "https://registry.npmjs.org/@lskjs/utils/-/utils-2.34.0.tgz",
      "integrity": "sha512-sEIGL+mCfFXjr7CiIM+KnP354lh+htySg0l/P6PD2m9NIiMUcbtqImtGR5e3lTajnjx6M5s05YgjaqWm/tx4dQ=="
    },
    "abort-controller": {
      "version": "3.0.0",
      "resolved": "https://registry.npmjs.org/abort-controller/-/abort-controller-3.0.0.tgz",
      "integrity": "sha512-h8lQ8tacZYnR3vNQTgibj+tODHI5/+l06Au2Pcriv/Gmet0eaj4TwWH41sO9wnHDiQsEj19q0drzdWdeAHtweg==",
      "requires": {
        "event-target-shim": "^5.0.0"
      }
    },
    "ansi-styles": {
      "version": "4.3.0",
      "resolved": "https://registry.npmjs.org/ansi-styles/-/ansi-styles-4.3.0.tgz",
      "integrity": "sha512-zbB9rCJAT1rbjiVDb2hqKFHNYLxgtk8NURxZ3IZwD3F6NtxbXZQCnnSi1Lkx+IDohdPlFp222wVALIheZJQSEg==",
      "requires": {
        "color-convert": "^2.0.1"
      }
    },
    "async-mutex": {
      "version": "0.2.6",
      "resolved": "https://registry.npmjs.org/async-mutex/-/async-mutex-0.2.6.tgz",
      "integrity": "sha512-Hs4R+4SPgamu6rSGW8C7cV9gaWUKEHykfzCCvIRuaVv636Ju10ZdeUbvb4TBEW0INuq2DHZqXbK4Nd3yG4RaRw==",
      "requires": {
        "tslib": "^2.0.0"
      }
    },
    "asyncc": {
      "version": "2.0.6",
      "resolved": "https://registry.npmjs.org/asyncc/-/asyncc-2.0.6.tgz",
      "integrity": "sha512-m3nkCP6CKuLubt2vwqoOio8NmOJPjUL6dcaNNxqc9q4H2Rq9wNs+2UsIzBegiJzUtoyh9X9iBe4GIhqu1uOvqA=="
    },
    "asynckit": {
      "version": "0.4.0",
      "resolved": "https://registry.npmjs.org/asynckit/-/asynckit-0.4.0.tgz",
      "integrity": "sha1-x57Zf380y48robyXkLzDZkdLS3k="
    },
    "chalk": {
      "version": "4.1.2",
      "resolved": "https://registry.npmjs.org/chalk/-/chalk-4.1.2.tgz",
      "integrity": "sha512-oKnbhFyRIXpUuez8iBMmyEa4nbj4IOQyuhc/wy9kY7/WVPcwIO9VA668Pu8RkO7+0G76SLROeyw9CpQ061i4mA==",
      "requires": {
        "ansi-styles": "^4.1.0",
        "supports-color": "^7.1.0"
      }
    },
    "color-convert": {
      "version": "2.0.1",
      "resolved": "https://registry.npmjs.org/color-convert/-/color-convert-2.0.1.tgz",
      "integrity": "sha512-RRECPsj7iu/xb5oKYcsFHSppFNnsj/52OVTRKb4zP5onXwVF3zVmmToNcOfGC+CRDpfK/U584fMg38ZHCaElKQ==",
      "requires": {
        "color-name": "~1.1.4"
      }
    },
    "color-name": {
      "version": "1.1.4",
      "resolved": "https://registry.npmjs.org/color-name/-/color-name-1.1.4.tgz",
      "integrity": "sha512-dOy+3AuW3a2wNbZHIuMZpTcgjGuLU/uBL/ubcZF9OXbDo8ff4O8yVp5Bf0efS8uEoYo5q4Fx7dY9OgQGXgAsQA=="
    },
    "colors": {
      "version": "1.4.0",
      "resolved": "https://registry.npmjs.org/colors/-/colors-1.4.0.tgz",
      "integrity": "sha512-a+UqTh4kgZg/SlGvfbzDHpgRu7AAQOmmqRHJnxhRZICKFUT91brVhNNt58CMWU9PsBbv3PDCZUHbVxuDiH2mtA=="
    },
    "combined-stream": {
      "version": "1.0.8",
      "resolved": "https://registry.npmjs.org/combined-stream/-/combined-stream-1.0.8.tgz",
      "integrity": "sha512-FQN4MRfuJeHf7cBbBMJFXhKSDq+2kAArBlmRBvcvFE5BB1HZKXtSFASDhdlz9zOYwxh8lDdnvmMOe/+5cdoEdg==",
      "requires": {
        "delayed-stream": "~1.0.0"
      }
    },
    "delayed-stream": {
      "version": "1.0.0",
      "resolved": "https://registry.npmjs.org/delayed-stream/-/delayed-stream-1.0.0.tgz",
      "integrity": "sha1-3zrhmayt+31ECqrgsp4icrJOxhk="
    },
    "discord.js": {
      "version": "12.5.1",
      "resolved": "https://registry.npmjs.org/discord.js/-/discord.js-12.5.1.tgz",
      "integrity": "sha512-VwZkVaUAIOB9mKdca0I5MefPMTQJTNg0qdgi1huF3iwsFwJ0L5s/Y69AQe+iPmjuV6j9rtKoG0Ta0n9vgEIL6w==",
      "requires": {
        "@discordjs/collection": "^0.1.6",
        "@discordjs/form-data": "^3.0.1",
        "abort-controller": "^3.0.0",
        "node-fetch": "^2.6.1",
        "prism-media": "^1.2.2",
        "setimmediate": "^1.0.5",
        "tweetnacl": "^1.0.3",
        "ws": "^7.3.1"
      }
    },
    "event-target-shim": {
      "version": "5.0.1",
      "resolved": "https://registry.npmjs.org/event-target-shim/-/event-target-shim-5.0.1.tgz",
      "integrity": "sha512-i/2XbnSz/uxRCU6+NdVJgKWDTM427+MqYbkQzD321DuCQJUqOuJKIA0IM2+W2xtYHdKOmZ4dR6fExsd4SXL+WQ=="
    },
    "eventemitter3": {
      "version": "4.0.7",
      "resolved": "https://registry.npmjs.org/eventemitter3/-/eventemitter3-4.0.7.tgz",
      "integrity": "sha512-8guHBZCwKnFhYdHr2ysuRWErTwhoN2X8XELRlrRwpmfeY2jjuUN4taQMsULKUVo1K4DvZl+0pgfyoysHxvmvEw=="
    },
    "fast-safe-stringify": {
      "version": "2.0.8",
      "resolved": "https://registry.npmjs.org/fast-safe-stringify/-/fast-safe-stringify-2.0.8.tgz",
      "integrity": "sha512-lXatBjf3WPjmWD6DpIZxkeSsCOwqI0maYMpgDlx8g4U2qi4lbjA9oH/HD2a87G+KfsUmo5WbJFmqBZlPxtptag=="
    },
    "has-flag": {
      "version": "4.0.0",
      "resolved": "https://registry.npmjs.org/has-flag/-/has-flag-4.0.0.tgz",
      "integrity": "sha512-EykJT/Q1KjTWctppgIAgfSO0tKVuZUjhgMr17kqTumMl6Afv3EISleU7qZUzoXDFTAHTDC4NOoG/ZxU3EvlMPQ=="
    },
    "json-stringify-safe": {
      "version": "5.0.1",
      "resolved": "https://registry.npmjs.org/json-stringify-safe/-/json-stringify-safe-5.0.1.tgz",
      "integrity": "sha1-Epai1Y/UXxmg9s4B1lcB4sc1tus="
    },
    "lodash": {
      "version": "4.17.21",
      "resolved": "https://registry.npmjs.org/lodash/-/lodash-4.17.21.tgz",
      "integrity": "sha512-v2kDEe57lecTulaDIuNTPy3Ry4gLGJ6Z1O3vE1krgXZNrsQ+LFTGHVxVjcXPs17LhbZVGedAJv8XZ1tvj5FvSg=="
    },
    "map-lru": {
      "version": "1.1.0",
      "resolved": "https://registry.npmjs.org/map-lru/-/map-lru-1.1.0.tgz",
      "integrity": "sha512-vbnDZvYRfQQKfzxgCgZkcbdx5ooWoY9EnlmIdEJHAguHsl6GiGblzbRLkdQS1kyhA1CPjZvWqMNil/sG3gdt2Q=="
    },
    "mime-db": {
      "version": "1.47.0",
      "resolved": "https://registry.npmjs.org/mime-db/-/mime-db-1.47.0.tgz",
      "integrity": "sha512-QBmA/G2y+IfeS4oktet3qRZ+P5kPhCKRXxXnQEudYqUaEioAU1/Lq2us3D/t1Jfo4hE9REQPrbB7K5sOczJVIw=="
    },
    "mime-types": {
      "version": "2.1.30",
      "resolved": "https://registry.npmjs.org/mime-types/-/mime-types-2.1.30.tgz",
      "integrity": "sha512-crmjA4bLtR8m9qLpHvgxSChT+XoSlZi8J4n/aIdn3z92e/U47Z0V/yl+Wh9W046GgFVAmoNR/fmdbZYcSSIUeg==",
      "requires": {
        "mime-db": "1.47.0"
      }
    },
    "ms": {
      "version": "2.1.3",
      "resolved": "https://registry.npmjs.org/ms/-/ms-2.1.3.tgz",
      "integrity": "sha512-6FlzubTLZG3J2a/NVCAleEhjzq5oxgHyaCU9yYXvcLsvoVaHJq/s5xXI6/XXP6tz7R9xAOtHnSO/tXtF3WRTlA=="
    },
    "nanocolors": {
      "version": "0.2.9",
      "resolved": "https://registry.npmjs.org/nanocolors/-/nanocolors-0.2.9.tgz",
      "integrity": "sha512-aymgS4Xe0LMqHOHl7jSUEkFh/6O/pcF0j61dBtreQZ1nmbyYdYjSYSJzz0iPLbKPkMtSmdRgyBGywNZGjKOEfw=="
    },
    "node-fetch": {
      "version": "2.6.1",
      "resolved": "https://registry.npmjs.org/node-fetch/-/node-fetch-2.6.1.tgz",
      "integrity": "sha512-V4aYg89jEoVRxRb2fJdAg8FHvI7cEyYdVAh94HH0UIK8oJxUfkjlDQN9RbMx+bEjP7+ggMiFRprSti032Oipxw=="
    },
    "prism-media": {
      "version": "1.2.9",
      "resolved": "https://registry.npmjs.org/prism-media/-/prism-media-1.2.9.tgz",
      "integrity": "sha512-UHCYuqHipbTR1ZsXr5eg4JUmHER8Ss4YEb9Azn+9zzJ7/jlTtD1h0lc4g6tNx3eMlB8Mp6bfll0LPMAV4R6r3Q=="
    },
    "setimmediate": {
      "version": "1.0.5",
      "resolved": "https://registry.npmjs.org/setimmediate/-/setimmediate-1.0.5.tgz",
      "integrity": "sha1-KQy7Iy4waULX1+qbg3Mqt4VvgoU="
    },
    "split": {
      "version": "1.0.1",
      "resolved": "https://registry.npmjs.org/split/-/split-1.0.1.tgz",
      "integrity": "sha512-mTyOoPbrivtXnwnIxZRFYRrPNtEFKlpB2fvjSnCQUiAA6qAZzqwna5envK4uk6OIeP17CsdF3rSBGYVBsU0Tkg==",
      "requires": {
        "through": "2"
      }
    },
    "supports-color": {
      "version": "7.2.0",
      "resolved": "https://registry.npmjs.org/supports-color/-/supports-color-7.2.0.tgz",
      "integrity": "sha512-qpCAvRl9stuOHveKsn7HncJRvv501qIacKzQlO/+Lwxc9+0q2wLyv4Dfvt80/DPn2pqOBsJdDiogXGR9+OvwRw==",
      "requires": {
        "has-flag": "^4.0.0"
      }
    },
    "through": {
      "version": "2.3.8",
      "resolved": "https://registry.npmjs.org/through/-/through-2.3.8.tgz",
      "integrity": "sha1-DdTJ/6q8NXlgsbckEV1+Doai4fU="
    },
    "tslib": {
      "version": "2.3.1",
      "resolved": "https://registry.npmjs.org/tslib/-/tslib-2.3.1.tgz",
      "integrity": "sha512-77EbyPPpMz+FRFRuAFlWMtmgUWGe9UOG2Z25NqCwiIjRhOf5iKGuzSe5P2w1laq+FkRy4p+PCuVkJSGkzTEKVw=="
    },
    "tweetnacl": {
      "version": "1.0.3",
      "resolved": "https://registry.npmjs.org/tweetnacl/-/tweetnacl-1.0.3.tgz",
      "integrity": "sha512-6rt+RN7aOi1nGMyC4Xa5DdYiukl2UWCbcJft7YhxReBGQD7OAM8Pbxw6YMo4r2diNEA8FEmu32YOn9rhaiE5yw=="
    },
    "ws": {
      "version": "7.4.4",
      "resolved": "https://registry.npmjs.org/ws/-/ws-7.4.4.tgz",
      "integrity": "sha512-Qm8k8ojNQIMx7S+Zp8u/uHOx7Qazv3Yv4q68MiWWWOJhiwG5W3x7iqmRtJo8xxrciZUY4vRxUTJCKuRnF28ZZw=="
    }
  }
}
